{
  "version": 4,
  "terraform_version": "1.5.7",
  "serial": 601,
  "lineage": "cafc4227-6f3a-3076-8847-2e432ee86070",
  "outputs": {
    "elk_sg_id": {
      "value": "sg-0676bbf8dd719ce02",
      "type": "string"
    },
    "private_monitor_subnet_id": {
      "value": "subnet-095682d378486ca88",
      "type": "string"
    },
    "private_subnet_id": {
      "value": "subnet-0496f2d7890712827",
      "type": "string"
    },
    "pulic_subnet_id": {
      "value": "subnet-0b094c4e467912a69",
      "type": "string"
    },
    "ssm_instance_profile_name": {
      "value": "capstone-ssm-instance-profile",
      "type": "string"
    },
    "vpc_id": {
      "value": "vpc-0d1331f52685c90d7",
      "type": "string"
    },
    "wazuh_sg_id": {
      "value": "sg-06ab99dc923289ec5",
      "type": "string"
    },
    "windows_key_name": {
      "value": "capstone-windows-key",
      "type": "string"
    },
    "windows_private_key_pem": {
      "value": "-----BEGIN RSA PRIVATE KEY-----\nMIIJKgIBAAKCAgEArjDgaWNmJQX1iQkMETVRojhFndAqceBzRxdq/7tktwJ7IuYT\njGP09k0df7Q7zmpta/bE3kSkpdE3s04qsBdRyobeA8qOLYfo5cLFos5GiW9vqnvZ\nbKbi+lwd/nhBCAS+PC6KcxEKJgxLgeMO3C61nGmaDw2giysmq1uvROg8DjaICKBf\nTFFn//D9xu7re1RjS7P6JZweZXKTSpVUT398nXTy7Yp3L93QwC6lAYCa1jpm9uXX\n2T8jdE+kdi5yZzDSyN+/RWDbo3Kv8UhCpaRvZE2KMpD6RWbZpO70SpfLOApRYdqF\n2q9SJhtkrITue8kJQC3LzH/uTQzctvRmEIbTxzLBglpUN2kKJV3VpgTAP5i5rte7\nirvMpTGNW+Nly9aJ2J6BLNeA7inkXwL5dfhYLKuWFo7kmLVctWdC+cTCurZA5nRR\nZmhcLeSGAcl2KSRUV4YP1bB88qws5Hq0H/Qi+OIyFOy/Yy265++p7bZGRxB/n4kW\nJg+AtclWiRxQN+hZP40PycK+ZSXMaxtHlICiLV6VIQuH/CM3dNWJcuQnx1xDV8RJ\n6henQH6XQClq8XNcRWaWZw+TEe3eVsmXTKqgrCOwmbnZyvnOkPJIe23BzwQfEd9L\nHlLjsvEWhPm3iT6ch45Ulke/dV5uO5qViQaDgEcJvoRzioTeTaO6CJ0pKg8CAwEA\nAQKCAgAcE6XAZvSqaAz9IxeuWGVJm/9gohKNW2vJXDVzdf2UYBJ//AzPlrb/0ks8\nb80qBs6PVe3Ck9bkIVZ0kNdhnciht95mRwpmvV7lVeEsTkphUbRyitbvY/D3AM0W\n3MRCqh0Nr0TCqk7z9gxfqb0V8XN1fDIIVh54ACMSAMu99B7l/ZUsqsjhkMeOIgaN\nv6n2LZJ5u89Iq6LcoDysi2hVDgwEhzq23hg6/2pr57jSBqwudqhtCHwjuMEauNGd\n+PuYtW5sUWBPqv6MGGrSnd6cO2Z3COaLIwIsGJlhM+Dtew0XAda/So1Dw/meSdEO\n27hi/HMAxMDyO/aptbaHyNoAtPLCh035w3PYbxFHYeZsBMzb+wZ7kRRki0fVOl2b\nTHlPw6bkA+48Vt5e+02y8Cv8xD4p8ZJ++urv1ZQc70IXjJqT/cWlUOtJKqhiuoQk\n+BjjJ2FZ94m2ya/HdGfZFamCq7BLYIGAH4qge5H+o4ITZ1GPuYsYPngrexdd4vDt\ndGVjrvWtGqThQxm12J/HHYdZMmIB8xvB4490Zk0ChMMkL7UHEdLIwquSr6cYD59T\n2xpDMGN5Rgy81fNWKmo0lNfWojwzL3dEFAobXdhH0799D05Jq4i/vZRNEcap1hOG\nEeQH6nG5A3kCorN4FSYxaaB9ZGUxY4zFTxxpAilfHzlDuI5//QKCAQEA1yiGTlGY\nJrCmnKaIOUldJYZtrpKAoGcvfUp/XEGWs+N3dMG8E0rfYdIc9BYaiM9QBmTXAOoa\nQxnZRse4I9ltQ6q/ugONpeSaOkfeIa2dR4tMmEdMVBmwShYJHHv27ZsPYp1cYhFT\nWrAosx9w/yx71bG2hknFqndH1L0kxx5OCBqQ4VTcqIskwOnPmZdLUw7R4el0SPam\nvykYk3v2RwJ4YbvQI/39iYxJS6uiwJLHIosh4hVRpqQa0Segg7sMYRtZqETDr11X\n00uHzs2WkP3IBC4/6WRX44uulJl+/QVPiVmtQgI8UNpJxgv2lu2DqDhreBGIbBsm\n1g0eu4kiFXf2ZQKCAQEAz0GRx+WXkR5KrsVJaUs4Ma707hPtptHcKY9Eu9xVrtqv\nd/6c7lyeSAATjjSOVZ4cZnaOrpZ/KS8C9zKR6ZAeHxiBhTQ9sn7QQ/btR5m+X19J\nmgZf9XZv+cbxuVm6m9oZ+NQdapZokOH0mb3B1ZOL4OMSbQtEGD3iqSyU/+4XegP1\n+QaygQodbYiq9fEel7SGtMrdVIXrjZV7zfpqYZKJz6ynpBGuHzCaDHzBU5y5L5Zw\naaoUMZDZI+b/xk34uKO2y95UlebwINyW+Dz97PtztRtbYsYBssIcy71f0F553oRP\nk2NyN8rYSWKbfKk4WSEZtcYomXLc0RZjyLzOlz7NYwKCAQEAqP4gd1VpL0Jiqvm2\nV2CDM90hOxPAybwiNcOUw06U4tgP1Hnykiilybxxl1nhH4HNtifwI7y8QeYEna5y\nuF2nj5WGn8D4ucsTRCF8nHEz7qS/1X9yuT+wEpC6OVA4w6md7PPyQuie0sU4QnC4\nnQRAg7jgxxsckWa82aBySZ9I5N6Q2xt/cTZQ+ODseRO3SxaBzXJDLqfkkpLhxb2A\n04diLEmLEyoEwMuaKkA2RhFDLaOgSmY6SqvskEkSr0T0VTVZN2xDUvL673AMzGb4\nEwvx1S7KbjOtQIFO71KcxnksXpI8HnOJEmxRs6dj2GnXlgIyjw0eXOL6nveRIvVz\n+u7NbQKCAQEAoxvOWAxneSzmx566RKSPCALR/eAvIx977jUzeclQoXi3qW73IFxB\nsRZmTX8tGVKCtVzOs7X7Q3UdF2B0FuV13zERFbzkZWqKC0L0wGnNug8qxI4JzQs1\n2tRn/mAQjYFa+UouEGlox8UcFDaTqrsg1Y6/PJQmNhHWJR/R74z4au1dEmvj5cwJ\nFt/88+ucEPZhIT2abF+s3tNrCNLwD/QcgxU1JdlIOIGuau9v0pa/4yS5OV9B3zRI\nv4mXeAB7Iwys2ssRtJt4FdSk955AlNXb3Qc3p4d/ZKiBsxJJqpn/vVBRtAQKqr/3\n8eEpzzT6BKMZMcZOw1zzTZYaV6vHxp4FUwKCAQEAu0vVHXQj3S1gvXTf8Hj0u5e5\nr55OuNo3/pe0mf2k7+C0QDv+/SfBPdBJa9+9EImWqRwsYLO/ErGEY4GrmCcObAvA\n+iIzhPTB2bULW2qUyt9n6D+6E6QmlHqCfJjLlvSmerj6B5SZrqhvftuutBS7rahc\nvjbXrSj6klLH34ZZyENgbAy/ErgjLYFbHYSegoy8AtrFK4ryDagJjfK4sEyTp29Z\nvOfBU8PHt3dRx9vbQSma9FjWM65Cc89uO5Yw+i+ep37+j4m4xRnyxgsBAyuANXUt\npjBMA9DuE2VOaA+CyrajWuUdFU5BuaQAOGs5F4CtsHhg3CQ7W87JtENkTm1TwA==\n-----END RSA PRIVATE KEY-----\n",
      "type": "string",
      "sensitive": true
    },
    "windows_sg_id": {
      "value": "sg-00c95cbe1cb07b090",
      "type": "string"
    }
  },
  "resources": [
    {
      "module": "module.iam",
      "mode": "managed",
      "type": "aws_iam_instance_profile",
      "name": "ssm_instance_profile",
      "provider": "provider[\"registry.terraform.io/hashicorp/aws\"]",
      "instances": [
        {
          "schema_version": 0,
          "attributes": {
            "arn": "arn:aws:iam::473997095596:instance-profile/capstone-ssm-instance-profile",
            "create_date": "2025-07-16T15:54:30Z",
            "id": "capstone-ssm-instance-profile",
            "name": "capstone-ssm-instance-profile",
            "name_prefix": "",
            "path": "/",
            "role": "capstone-ssm-role",
            "tags": {},
            "tags_all": {},
            "unique_id": "AIPAW4XDNWKWBLNGDNEUB"
          },
          "sensitive_attributes": [],
          "private": "bnVsbA==",
          "dependencies": [
            "module.iam.aws_iam_role.ssm_instance_role"
          ]
        }
      ]
    },
    {
      "module": "module.iam",
      "mode": "managed",
      "type": "aws_iam_role",
      "name": "ssm_instance_role",
      "provider": "provider[\"registry.terraform.io/hashicorp/aws\"]",
      "instances": [
        {
          "schema_version": 0,
          "attributes": {
            "arn": "arn:aws:iam::473997095596:role/capstone-ssm-role",
            "assume_role_policy": "{\"Statement\":[{\"Action\":\"sts:AssumeRole\",\"Effect\":\"Allow\",\"Principal\":{\"Service\":\"ec2.amazonaws.com\"}}],\"Version\":\"2012-10-17\"}",
            "create_date": "2025-07-16T15:54:29Z",
            "description": "",
            "force_detach_policies": false,
            "id": "capstone-ssm-role",
            "inline_policy": [],
            "managed_policy_arns": [
              "arn:aws:iam::aws:policy/AmazonSSMManagedInstanceCore"
            ],
            "max_session_duration": 3600,
            "name": "capstone-ssm-role",
            "name_prefix": "",
            "path": "/",
            "permissions_boundary": "",
            "tags": {
              "Name": "capstone-ssm-role",
              "Project": "Capstone"
            },
            "tags_all": {
              "Name": "capstone-ssm-role",
              "Project": "Capstone"
            },
            "unique_id": "AROAW4XDNWKWH3UGZBCCQ"
          },
          "sensitive_attributes": [],
          "private": "bnVsbA=="
        }
      ]
    },
    {
      "module": "module.iam",
      "mode": "managed",
      "type": "aws_iam_role_policy_attachment",
      "name": "ssm_core",
      "provider": "provider[\"registry.terraform.io/hashicorp/aws\"]",
      "instances": [
        {
          "schema_version": 0,
          "attributes": {
            "id": "capstone-ssm-role/arn:aws:iam::aws:policy/AmazonSSMManagedInstanceCore",
            "policy_arn": "arn:aws:iam::aws:policy/AmazonSSMManagedInstanceCore",
            "role": "capstone-ssm-role"
          },
          "sensitive_attributes": [],
          "private": "bnVsbA==",
          "dependencies": [
            "module.iam.aws_iam_role.ssm_instance_role"
          ]
        }
      ]
    },
    {
      "module": "module.instances",
      "mode": "managed",
      "type": "aws_eip",
      "name": "bastion_eip",
      "provider": "provider[\"registry.terraform.io/hashicorp/aws\"]",
      "instances": [
        {
          "schema_version": 0,
          "attributes": {
            "address": null,
            "allocation_id": "eipalloc-0bc2bbfa66e4c664e",
            "arn": "arn:aws:ec2:us-east-1:473997095596:elastic-ip/eipalloc-0bc2bbfa66e4c664e",
            "associate_with_private_ip": null,
            "association_id": "",
            "carrier_ip": "",
            "customer_owned_ip": "",
            "customer_owned_ipv4_pool": "",
            "domain": "vpc",
            "id": "eipalloc-0bc2bbfa66e4c664e",
            "instance": "",
            "ipam_pool_id": null,
            "network_border_group": "us-east-1",
            "network_interface": "",
            "private_dns": null,
            "private_ip": "",
            "ptr_record": "",
            "public_dns": "ec2-34-235-178-3.compute-1.amazonaws.com",
            "public_ip": "34.235.178.3",
            "public_ipv4_pool": "amazon",
            "region": "us-east-1",
            "tags": {
              "Name": "BastionEIP",
              "Project": "capstone"
            },
            "tags_all": {
              "Name": "BastionEIP",
              "Project": "capstone"
            },
            "timeouts": null
          },
          "sensitive_attributes": [],
          "private": "eyJlMmJmYjczMC1lY2FhLTExZTYtOGY4OC0zNDM2M2JjN2M0YzAiOnsiZGVsZXRlIjoxODAwMDAwMDAwMDAsInJlYWQiOjkwMDAwMDAwMDAwMCwidXBkYXRlIjozMDAwMDAwMDAwMDB9fQ=="
        }
      ]
    },
    {
      "module": "module.instances",
      "mode": "managed",
      "type": "aws_eip_association",
      "name": "bastion_eip_assoc",
      "provider": "provider[\"registry.terraform.io/hashicorp/aws\"]",
      "instances": [
        {
          "schema_version": 0,
          "attributes": {
            "allocation_id": "eipalloc-0bc2bbfa66e4c664e",
            "allow_reassociation": null,
            "id": "eipassoc-043d3d6dacec24b86",
            "instance_id": "i-034c5a1b85dd9f76c",
            "network_interface_id": "eni-02ce7deb872e34fd4",
            "private_ip_address": "10.2.0.8",
            "public_ip": "34.235.178.3",
            "region": "us-east-1"
          },
          "sensitive_attributes": [],
          "private": "bnVsbA==",
          "dependencies": [
            "module.instances.aws_eip.bastion_eip",
            "module.instances.aws_instance.bastion_windows_endpoint"
          ]
        }
      ]
    },
    {
      "module": "module.instances",
      "mode": "managed",
      "type": "aws_instance",
      "name": "bastion_windows_endpoint",
      "provider": "provider[\"registry.terraform.io/hashicorp/aws\"]",
      "instances": [
        {
          "schema_version": 2,
          "attributes": {
            "ami": "ami-007a8c6e3de28d435",
            "arn": "arn:aws:ec2:us-east-1:473997095596:instance/i-034c5a1b85dd9f76c",
            "associate_public_ip_address": false,
            "availability_zone": "us-east-1a",
            "capacity_reservation_specification": [
              {
                "capacity_reservation_preference": "open",
                "capacity_reservation_target": []
              }
            ],
            "cpu_options": [
              {
                "amd_sev_snp": "",
                "core_count": 1,
                "threads_per_core": 2
              }
            ],
            "credit_specification": [
              {
                "cpu_credits": "unlimited"
              }
            ],
            "disable_api_stop": false,
            "disable_api_termination": false,
            "ebs_block_device": [],
            "ebs_optimized": false,
            "enable_primary_ipv6": null,
            "enclave_options": [
              {
                "enabled": false
              }
            ],
            "ephemeral_block_device": [],
            "get_password_data": false,
            "hibernation": false,
            "host_id": "",
            "host_resource_group_arn": null,
            "iam_instance_profile": "capstone-ssm-instance-profile",
            "id": "i-034c5a1b85dd9f76c",
            "instance_initiated_shutdown_behavior": "stop",
            "instance_lifecycle": "",
            "instance_market_options": [],
            "instance_state": "running",
            "instance_type": "t3.large",
            "ipv6_address_count": 0,
            "ipv6_addresses": [],
            "key_name": "capstone-windows-key",
            "launch_template": [],
            "maintenance_options": [
              {
                "auto_recovery": "default"
              }
            ],
            "metadata_options": [
              {
                "http_endpoint": "enabled",
                "http_protocol_ipv6": "disabled",
                "http_put_response_hop_limit": 1,
                "http_tokens": "optional",
                "instance_metadata_tags": "disabled"
              }
            ],
            "monitoring": false,
            "network_interface": [],
            "outpost_arn": "",
            "password_data": "",
            "placement_group": "",
            "placement_partition_number": 0,
            "primary_network_interface_id": "eni-02ce7deb872e34fd4",
            "private_dns": "ip-10-2-0-8.ec2.internal",
            "private_dns_name_options": [
              {
                "enable_resource_name_dns_a_record": false,
                "enable_resource_name_dns_aaaa_record": false,
                "hostname_type": "ip-name"
              }
            ],
            "private_ip": "10.2.0.8",
            "public_dns": "",
            "public_ip": "",
            "region": "us-east-1",
            "root_block_device": [
              {
                "delete_on_termination": true,
                "device_name": "/dev/sda1",
                "encrypted": false,
                "iops": 3000,
                "kms_key_id": "",
                "tags": {},
                "tags_all": {},
                "throughput": 125,
                "volume_id": "vol-091906f18be3b97ea",
                "volume_size": 50,
                "volume_type": "gp3"
              }
            ],
            "secondary_private_ips": [],
            "security_groups": [],
            "source_dest_check": true,
            "spot_instance_request_id": "",
            "subnet_id": "subnet-0b094c4e467912a69",
            "tags": {
              "Name": "capstone-bastion-windows-endpoint",
              "Project": "Capstone",
              "Role": "Bastion"
            },
            "tags_all": {
              "Name": "capstone-bastion-windows-endpoint",
              "Project": "Capstone",
              "Role": "Bastion"
            },
            "tenancy": "default",
            "timeouts": null,
            "user_data": null,
            "user_data_base64": null,
            "user_data_replace_on_change": false,
            "volume_tags": null,
            "vpc_security_group_ids": [
              "sg-09b54383b1c1e19dc"
            ]
          },
          "sensitive_attributes": [],
          "private": "eyJlMmJmYjczMC1lY2FhLTExZTYtOGY4OC0zNDM2M2JjN2M0YzAiOnsiY3JlYXRlIjo2MDAwMDAwMDAwMDAsImRlbGV0ZSI6MTIwMDAwMDAwMDAwMCwicmVhZCI6OTAwMDAwMDAwMDAwLCJ1cGRhdGUiOjYwMDAwMDAwMDAwMH0sInNjaGVtYV92ZXJzaW9uIjoiMiJ9",
          "dependencies": [
            "module.iam.aws_iam_instance_profile.ssm_instance_profile",
            "module.iam.aws_iam_role.ssm_instance_role",
            "module.network.aws_subnet.public",
            "module.network.aws_vpc.capstone_vpc",
            "module.security.aws_key_pair.windows_key",
            "module.security.aws_security_group.bastion_windows_sg",
            "module.security.tls_private_key.windows_key"
          ]
        }
      ]
    },
    {
      "module": "module.instances",
      "mode": "managed",
      "type": "aws_instance",
      "name": "elk_stack",
      "provider": "provider[\"registry.terraform.io/hashicorp/aws\"]",
      "instances": [
        {
          "schema_version": 2,
          "attributes": {
            "ami": "ami-09ac0b140f63d3458",
            "arn": "arn:aws:ec2:us-east-1:473997095596:instance/i-073572496867e7964",
            "associate_public_ip_address": false,
            "availability_zone": "us-east-1a",
            "capacity_reservation_specification": [
              {
                "capacity_reservation_preference": "open",
                "capacity_reservation_target": []
              }
            ],
            "cpu_options": [
              {
                "amd_sev_snp": "",
                "core_count": 1,
                "threads_per_core": 2
              }
            ],
            "credit_specification": [
              {
                "cpu_credits": "unlimited"
              }
            ],
            "disable_api_stop": false,
            "disable_api_termination": false,
            "ebs_block_device": [],
            "ebs_optimized": false,
            "enable_primary_ipv6": null,
            "enclave_options": [
              {
                "enabled": false
              }
            ],
            "ephemeral_block_device": [],
            "get_password_data": false,
            "hibernation": false,
            "host_id": "",
            "host_resource_group_arn": null,
            "iam_instance_profile": "capstone-ssm-instance-profile",
            "id": "i-073572496867e7964",
            "instance_initiated_shutdown_behavior": "stop",
            "instance_lifecycle": "",
            "instance_market_options": [],
            "instance_state": "running",
            "instance_type": "t3.large",
            "ipv6_address_count": 0,
            "ipv6_addresses": [],
            "key_name": "",
            "launch_template": [],
            "maintenance_options": [
              {
                "auto_recovery": "default"
              }
            ],
            "metadata_options": [
              {
                "http_endpoint": "enabled",
                "http_protocol_ipv6": "disabled",
                "http_put_response_hop_limit": 1,
                "http_tokens": "optional",
                "instance_metadata_tags": "disabled"
              }
            ],
            "monitoring": false,
            "network_interface": [],
            "outpost_arn": "",
            "password_data": "",
            "placement_group": "",
            "placement_partition_number": 0,
            "primary_network_interface_id": "eni-0ab34959f3928f844",
            "private_dns": "ip-10-2-0-153.ec2.internal",
            "private_dns_name_options": [
              {
                "enable_resource_name_dns_a_record": false,
                "enable_resource_name_dns_aaaa_record": false,
                "hostname_type": "ip-name"
              }
            ],
            "private_ip": "10.2.0.153",
            "public_dns": "",
            "public_ip": "",
            "region": "us-east-1",
            "root_block_device": [
              {
                "delete_on_termination": true,
                "device_name": "/dev/sda1",
                "encrypted": false,
                "iops": 3000,
                "kms_key_id": "",
                "tags": {},
                "tags_all": {},
                "throughput": 125,
                "volume_id": "vol-0bc7a183d3cda6d3f",
                "volume_size": 50,
                "volume_type": "gp3"
              }
            ],
            "secondary_private_ips": [],
            "security_groups": [],
            "source_dest_check": true,
            "spot_instance_request_id": "",
            "subnet_id": "subnet-095682d378486ca88",
            "tags": {
              "Name": "capstone-elk-stack",
              "Project": "Capstone",
              "Role": "ELK"
            },
            "tags_all": {
              "Name": "capstone-elk-stack",
              "Project": "Capstone",
              "Role": "ELK"
            },
            "tenancy": "default",
            "timeouts": null,
            "user_data": "#!/bin/bash\nset -e\n\n# Logging setup\nexec \u003e \u003e(tee /var/log/install-elk.log|logger -t install-elk -s 2\u003e/dev/console) 2\u003e\u00261\n\necho \"Starting ELK stack installation\"\n\n# Install Java (Required for Elasticsearch)\necho \"Installing Java...\"\napt-get update\napt-get install -y openjdk-11-jdk\n\n# Verify Java installation\njava -version\n\n# Wazuh repo and GPG key\necho \"Adding Wazuh repository...\"\ncurl -s https://packages.wazuh.com/key/GPG-KEY-WAZUH | gpg --dearmor \u003e wazuh.gpg\ninstall -o root -g root -m 644 wazuh.gpg /etc/apt/trusted.gpg.d/\necho \"deb https://packages.wazuh.com/4.x/apt/ stable main\" | tee /etc/apt/sources.list.d/wazuh.list\n\n\n# Update packages\napt-get update\n\n# Install Elasticsearch\necho \"Installing Elasticsearch...\"\napt-get install -y elasticsearch-oss\n\n# Create and set permissions for data and logs directories\nmkdir -p /var/lib/elasticsearch\nmkdir -p /var/log/elasticsearch\nchown -R elasticsearch:elasticsearch /var/lib/elasticsearch\nchown -R elasticsearch:elasticsearch /var/log/elasticsearch\nchmod 755 /var/lib/elasticsearch\nchmod 755 /var/log/elasticsearch\n\n# Configure Elasticsearch\necho \"Configuring Elasticsearch...\"\ncat \u003c\u003cEOF \u003e /etc/elasticsearch/elasticsearch.yml\ncluster.name: wazuh-cluster\nnode.name: node-1\nnetwork.host: 0.0.0.0\nhttp.port: 9200\ndiscovery.seed_hosts: [\"127.0.0.1\"]\ncluster.initial_master_nodes: [\"node-1\"]\npath.data: /var/lib/elasticsearch\npath.logs: /var/log/elasticsearch\nEOF\n\n# Set proper permissions\nchown root:elasticsearch /etc/elasticsearch/elasticsearch.yml\nchmod 660 /etc/elasticsearch/elasticsearch.yml\n\n# Start Elasticsearch\necho \"Starting Elasticsearch...\"\nsystemctl daemon-reload\nsystemctl enable elasticsearch\nsystemctl start elasticsearch\n\n# Install Kibana\necho \"Installing Kibana...\"\napt-get install -y opendistroforelasticsearch-kibana\n\n# Configure Kibana\necho \"Configuring Kibana...\"\ncat \u003c\u003cEOF \u003e /etc/kibana/kibana.yml\nserver.host: \"127.0.0.1\"\nserver.port: 5601\nelasticsearch.hosts: [\"http://localhost:9200\"]\nEOF\n\n# Start Kibana\necho \"Starting Kibana...\"\nsystemctl enable kibana\nsystemctl start kibana\n\n# After installing Kibana, remove security plugin and configure basic access\n/usr/share/kibana/bin/kibana-plugin remove opendistroSecurityKibana --allow-root\necho 'server.host: \"127.0.0.1\"' \u003e /etc/kibana/kibana.yml\necho 'server.port: 5601' \u003e\u003e /etc/kibana/kibana.yml\necho 'elasticsearch.hosts: [\"http://localhost:9200\"]' \u003e\u003e /etc/kibana/kibana.yml\nsystemctl restart kibana\n\n# Final status check\necho \"Checking service status...\"\nsystemctl status elasticsearch --no-pager\nsystemctl status kibana --no-pager\necho \"ELK stack installed successfully!\"\necho \"Elasticsearch: http://localhost:9200\"\necho \"Kibana: http://localhost:5601\"\necho \"\"\necho \"Next steps:\"\necho \"1. Access Kibana at http://localhost:5601\"\necho \"2. Configure Wazuh Filebeat integration\"\necho \"3. Set up dashboards for Wazuh data\"\n",
            "user_data_base64": null,
            "user_data_replace_on_change": false,
            "volume_tags": null,
            "vpc_security_group_ids": [
              "sg-0676bbf8dd719ce02"
            ]
          },
          "sensitive_attributes": [],
          "private": "eyJlMmJmYjczMC1lY2FhLTExZTYtOGY4OC0zNDM2M2JjN2M0YzAiOnsiY3JlYXRlIjo2MDAwMDAwMDAwMDAsImRlbGV0ZSI6MTIwMDAwMDAwMDAwMCwicmVhZCI6OTAwMDAwMDAwMDAwLCJ1cGRhdGUiOjYwMDAwMDAwMDAwMH0sInNjaGVtYV92ZXJzaW9uIjoiMiJ9",
          "dependencies": [
            "module.iam.aws_iam_instance_profile.ssm_instance_profile",
            "module.iam.aws_iam_role.ssm_instance_role",
            "module.network.aws_subnet.monitoring",
            "module.network.aws_vpc.capstone_vpc",
            "module.security.aws_security_group.elk_sg"
          ]
        }
      ]
    },
    {
      "module": "module.instances",
      "mode": "managed",
      "type": "aws_instance",
      "name": "wazuh_manager",
      "provider": "provider[\"registry.terraform.io/hashicorp/aws\"]",
      "instances": [
        {
          "schema_version": 2,
          "attributes": {
            "ami": "ami-0c02fb55956c7d316",
            "arn": "arn:aws:ec2:us-east-1:473997095596:instance/i-00a66d3c289c45eaa",
            "associate_public_ip_address": false,
            "availability_zone": "us-east-1a",
            "capacity_reservation_specification": [
              {
                "capacity_reservation_preference": "open",
                "capacity_reservation_target": []
              }
            ],
            "cpu_options": [
              {
                "amd_sev_snp": "",
                "core_count": 1,
                "threads_per_core": 2
              }
            ],
            "credit_specification": [
              {
                "cpu_credits": "unlimited"
              }
            ],
            "disable_api_stop": false,
            "disable_api_termination": false,
            "ebs_block_device": [],
            "ebs_optimized": false,
            "enable_primary_ipv6": null,
            "enclave_options": [
              {
                "enabled": false
              }
            ],
            "ephemeral_block_device": [],
            "get_password_data": false,
            "hibernation": false,
            "host_id": "",
            "host_resource_group_arn": null,
            "iam_instance_profile": "capstone-ssm-instance-profile",
            "id": "i-00a66d3c289c45eaa",
            "instance_initiated_shutdown_behavior": "stop",
            "instance_lifecycle": "",
            "instance_market_options": [],
            "instance_state": "running",
            "instance_type": "t3.medium",
            "ipv6_address_count": 0,
            "ipv6_addresses": [],
            "key_name": "",
            "launch_template": [],
            "maintenance_options": [
              {
                "auto_recovery": "default"
              }
            ],
            "metadata_options": [
              {
                "http_endpoint": "enabled",
                "http_protocol_ipv6": "disabled",
                "http_put_response_hop_limit": 1,
                "http_tokens": "optional",
                "instance_metadata_tags": "disabled"
              }
            ],
            "monitoring": false,
            "network_interface": [],
            "outpost_arn": "",
            "password_data": "",
            "placement_group": "",
            "placement_partition_number": 0,
            "primary_network_interface_id": "eni-005548a4b74c08b1d",
            "private_dns": "ip-10-2-0-150.ec2.internal",
            "private_dns_name_options": [
              {
                "enable_resource_name_dns_a_record": false,
                "enable_resource_name_dns_aaaa_record": false,
                "hostname_type": "ip-name"
              }
            ],
            "private_ip": "10.2.0.150",
            "public_dns": "",
            "public_ip": "",
            "region": "us-east-1",
            "root_block_device": [
              {
                "delete_on_termination": true,
                "device_name": "/dev/xvda",
                "encrypted": false,
                "iops": 3000,
                "kms_key_id": "",
                "tags": {},
                "tags_all": {},
                "throughput": 125,
                "volume_id": "vol-05d1b1e0d51f583af",
                "volume_size": 50,
                "volume_type": "gp3"
              }
            ],
            "secondary_private_ips": [],
            "security_groups": [],
            "source_dest_check": true,
            "spot_instance_request_id": "",
            "subnet_id": "subnet-095682d378486ca88",
            "tags": {
              "Name": "capstone-wazuh-manager",
              "Project": "Capstone",
              "Role": "Wazuh"
            },
            "tags_all": {
              "Name": "capstone-wazuh-manager",
              "Project": "Capstone",
              "Role": "Wazuh"
            },
            "tenancy": "default",
            "timeouts": null,
            "user_data": "#!/bin/bash\n\n#this script installs Wazuh and preloads Filebeat config\n\n\nexec \u003e \u003e(tee /var/log/wazuh_install.log|logger -t user-data -s 2\u003e/dev/console) 2\u003e\u00261\n\nset -eux\n\n# Update system\nyum update -y\n\n# Add Wazuh GPG key and repo\ncat \u003e /etc/yum.repos.d/wazuh.repo \u003c\u003cEOF\n[wazuh]\ngpgcheck=1\ngpgkey=https://packages.wazuh.com/key/GPG-KEY-WAZUH\nenabled=1\nname=Wazuh repository\nbaseurl=https://packages.wazuh.com/4.x/yum/\nprotect=1\nEOF\n\n# Install Wazuh manager\nyum install -y wazuh-manager\n\n# Enable and start Wazuh manager\nsystemctl daemon-reexec\nsystemctl enable wazuh-manager\nsystemctl start wazuh-manager\n\n#confirm service is running\nsystemctl status wazuh-manager || true\n\n# Create manual run script to configure Filebeat after ELK is up\ncat \u003c\u003c'EOF' \u003e /root/configure-filebeat.sh\n#!/bin/bash\nset -eux\n\n# !!! EDIT BEFORE RUNNING !!!\nELK_IP=\"REPLACE_ME\"\n\nif [ \"$ELK_IP\" = \"REPLACE_ME\" ]; then\n    echo \"You need to edit ELK_IP in this script before running.\"\n    exit 1\nfi\n\n# Add Wazuh repo\ncat \u003e /etc/yum.repos.d/wazuh.repo \u003c\u003cREPO\n[wazuh]\ngpgcheck=1\ngpgkey=https://packages.wazuh.com/key/GPG-KEY-WAZUH\nenabled=1\nname=Wazuh repository\nbaseurl=https://packages.wazuh.com/4.x/yum/\nprotect=1\nREPO\n\n# Install Filebeat\nyum install -y filebeat\n\n# Enable wazuh module (optional but safe)\nfilebeat modules enable wazuh || true\n\n# Configure Filebeat\ncat \u003c\u003cCONF \u003e /etc/filebeat/filebeat.yml\nfilebeat.inputs:\n- type: log\n  enabled: true\n  paths:\n    - /var/ossec/logs/alerts/alerts.json\n\noutput.elasticsearch:\n  hosts: [\"http://$ELK_IP:9200\"]\nCONF\n\n# Start Filebeat\nsystemctl enable filebeat\nsystemctl start filebeat\n\necho \" Filebeat configured to forward Wazuh alerts to $ELK_IP\"\nEOF\n\nchmod +x /root/configure-filebeat.sh",
            "user_data_base64": null,
            "user_data_replace_on_change": false,
            "volume_tags": null,
            "vpc_security_group_ids": [
              "sg-06ab99dc923289ec5"
            ]
          },
          "sensitive_attributes": [],
          "private": "eyJlMmJmYjczMC1lY2FhLTExZTYtOGY4OC0zNDM2M2JjN2M0YzAiOnsiY3JlYXRlIjo2MDAwMDAwMDAwMDAsImRlbGV0ZSI6MTIwMDAwMDAwMDAwMCwicmVhZCI6OTAwMDAwMDAwMDAwLCJ1cGRhdGUiOjYwMDAwMDAwMDAwMH0sInNjaGVtYV92ZXJzaW9uIjoiMiJ9",
          "dependencies": [
            "module.iam.aws_iam_instance_profile.ssm_instance_profile",
            "module.iam.aws_iam_role.ssm_instance_role",
            "module.instances.aws_instance.elk_stack",
            "module.network.aws_subnet.monitoring",
            "module.network.aws_vpc.capstone_vpc",
            "module.security.aws_security_group.elk_sg",
            "module.security.aws_security_group.wazuh_sg"
          ]
        }
      ]
    },
    {
      "module": "module.instances",
      "mode": "managed",
      "type": "aws_instance",
      "name": "windows_endpoint",
      "provider": "provider[\"registry.terraform.io/hashicorp/aws\"]",
      "instances": [
        {
          "schema_version": 2,
          "attributes": {
            "ami": "ami-007a8c6e3de28d435",
            "arn": "arn:aws:ec2:us-east-1:473997095596:instance/i-0617afd915ef3c206",
            "associate_public_ip_address": false,
            "availability_zone": "us-east-1a",
            "capacity_reservation_specification": [
              {
                "capacity_reservation_preference": "open",
                "capacity_reservation_target": []
              }
            ],
            "cpu_options": [
              {
                "amd_sev_snp": "",
                "core_count": 1,
                "threads_per_core": 2
              }
            ],
            "credit_specification": [
              {
                "cpu_credits": "unlimited"
              }
            ],
            "disable_api_stop": false,
            "disable_api_termination": false,
            "ebs_block_device": [],
            "ebs_optimized": false,
            "enable_primary_ipv6": null,
            "enclave_options": [
              {
                "enabled": false
              }
            ],
            "ephemeral_block_device": [],
            "get_password_data": false,
            "hibernation": false,
            "host_id": "",
            "host_resource_group_arn": null,
            "iam_instance_profile": "capstone-ssm-instance-profile",
            "id": "i-0617afd915ef3c206",
            "instance_initiated_shutdown_behavior": "stop",
            "instance_lifecycle": "",
            "instance_market_options": [],
            "instance_state": "running",
            "instance_type": "t3.large",
            "ipv6_address_count": 0,
            "ipv6_addresses": [],
            "key_name": "",
            "launch_template": [],
            "maintenance_options": [
              {
                "auto_recovery": "default"
              }
            ],
            "metadata_options": [
              {
                "http_endpoint": "enabled",
                "http_protocol_ipv6": "disabled",
                "http_put_response_hop_limit": 1,
                "http_tokens": "optional",
                "instance_metadata_tags": "disabled"
              }
            ],
            "monitoring": false,
            "network_interface": [],
            "outpost_arn": "",
            "password_data": "",
            "placement_group": "",
            "placement_partition_number": 0,
            "primary_network_interface_id": "eni-0b5e9b02afbdb8f14",
            "private_dns": "ip-10-2-0-89.ec2.internal",
            "private_dns_name_options": [
              {
                "enable_resource_name_dns_a_record": false,
                "enable_resource_name_dns_aaaa_record": false,
                "hostname_type": "ip-name"
              }
            ],
            "private_ip": "10.2.0.89",
            "public_dns": "",
            "public_ip": "",
            "region": "us-east-1",
            "root_block_device": [
              {
                "delete_on_termination": true,
                "device_name": "/dev/sda1",
                "encrypted": false,
                "iops": 3000,
                "kms_key_id": "",
                "tags": {},
                "tags_all": {},
                "throughput": 125,
                "volume_id": "vol-089dc52d499f1cd3b",
                "volume_size": 50,
                "volume_type": "gp3"
              }
            ],
            "secondary_private_ips": [],
            "security_groups": [],
            "source_dest_check": true,
            "spot_instance_request_id": "",
            "subnet_id": "subnet-0496f2d7890712827",
            "tags": {
              "Name": "capstone-windows-endpoint",
              "Project": "Capstone",
              "Role": "Windows"
            },
            "tags_all": {
              "Name": "capstone-windows-endpoint",
              "Project": "Capstone",
              "Role": "Windows"
            },
            "tenancy": "default",
            "timeouts": null,
            "user_data": "\u003cpowershell\u003e\nStart-Transcript -Path \"$env:ProgramData\\wazuh_install.log\" -Append\ntry {\n    # Enable TLS 1.2\n    [Net.ServicePointManager]::SecurityProtocol = [Net.SecurityProtocolType]::Tls12\n    \n    # Variables\n    $sysmonUrl = \"https://download.sysinternals.com/files/Sysmon.zip\"\n    $wazuhAgentUrl = \"https://packages.wazuh.com/4.x/windows/wazuh-agent-4.7.3-1.msi\"\n    $swiftConfig = \"https://raw.githubusercontent.com/SwiftOnSecurity/sysmon-config/master/sysmonconfig-export.xml\"\n    \n    # Download Sysmon config\n    Invoke-WebRequest -Uri $swiftConfig -OutFile \"$env:TEMP\\sysmonconfig.xml\" -UseBasicParsing\n    \n    # Download and install Sysmon\n    $sysmonZip = \"$env:TEMP\\Sysmon.zip\"\n    Invoke-WebRequest -Uri $sysmonUrl -OutFile $sysmonZip -UseBasicParsing\n    Expand-Archive -Path $sysmonZip -DestinationPath \"$env:TEMP\\Sysmon\" -Force\n    \u0026 \"$env:TEMP\\Sysmon\\Sysmon64.exe\" -accepteula -i \"$env:TEMP\\sysmonconfig.xml\"\n    \n    # Download and install Wazuh Agent\n    $agentInstaller = \"$env:TEMP\\wazuh-agent.msi\"\n    Invoke-WebRequest -Uri $wazuhAgentUrl -OutFile $agentInstaller -UseBasicParsing\n    Start-Process msiexec.exe -Wait -ArgumentList \"/i `\"$agentInstaller`\" /quiet\"\n    \n    # Write manual config script to desktop (FIXED VERSION)\n    $configScript = @\"\n# Configure Wazuh Agent Manager IP\n# Replace the IP below with your actual manager private IP\n`$ManagerIP = 'REPLACE_ME'\n\nif (`$ManagerIP -eq 'REPLACE_ME') {\n    Write-Host 'You must edit `$ManagerIP in this script before running.'\n    Write-Host 'Change REPLACE_ME to your Wazuh Manager IP address'\n    exit 1\n}\n\n`$confPath = 'C:\\Program Files (x86)\\ossec-agent\\ossec.conf'\n\nWrite-Host \"Configuring Wazuh Agent to connect to: `$ManagerIP\"\n\n# Read the config file\n`$content = Get-Content `$confPath -Raw\n\n# Replace the server address (from default 0.0.0.0)\n`$content = `$content -replace '\u003caddress\u003e0\\.0\\.0\\.0\u003c/address\u003e', \"\u003caddress\u003e`$ManagerIP\u003c/address\u003e\"\n\n# Save the modified content\n`$content | Set-Content `$confPath\n\nWrite-Host \"Configuration updated successfully!\"\n\n# Optional: Register with Wazuh Manager\ntry {\n    Write-Host \"Attempting to register with Wazuh Manager...\"\n    Start-Process -FilePath \"C:\\Program Files (x86)\\ossec-agent\\agent-auth.exe\" -ArgumentList \"-m `$ManagerIP\" -Wait\n    Write-Host \"Agent registration completed\"\n} catch {\n    Write-Warning \"Agent registration failed: `$_\"\n    Write-Host \"You can register manually later if needed\"\n}\n\n# Start the Wazuh service\nWrite-Host \"Starting Wazuh service...\"\nStart-Service -Name \"WazuhSvc\"\n\n# Check service status\nGet-Service -Name \"WazuhSvc\"\n\nWrite-Host \"Wazuh Agent configured and started with manager IP: `$ManagerIP\"\nWrite-Host \"Configuration complete!\"\n\"@\n\n    $configScript | Out-File -FilePath \"C:\\Users\\Administrator\\Desktop\\configure-wazuh.ps1\" -Encoding UTF8\n    \n    Write-Host \"Wazuh Agent installed successfully!\"\n    Write-Host \"Manager IP not configured yet - this is normal.\"\n    Write-Host \"\"\n    Write-Host \"Next steps:\"\n    Write-Host \"1. Find your Wazuh Manager IP address\"\n    Write-Host \"2. Edit C:\\Users\\Administrator\\Desktop\\configure-wazuh.ps1\"\n    Write-Host \"3. Replace 'REPLACE_ME' with your manager IP\"\n    Write-Host \"4. Run the configuration script\"\n    Write-Host \"\"\n    Write-Host \"Installation completed successfully!\"\n    \n} catch {\n    Write-Error \"Installation failed: $_\"\n}\nStop-Transcript\n\u003c/powershell\u003e",
            "user_data_base64": null,
            "user_data_replace_on_change": false,
            "volume_tags": null,
            "vpc_security_group_ids": [
              "sg-00c95cbe1cb07b090"
            ]
          },
          "sensitive_attributes": [],
          "private": "eyJlMmJmYjczMC1lY2FhLTExZTYtOGY4OC0zNDM2M2JjN2M0YzAiOnsiY3JlYXRlIjo2MDAwMDAwMDAwMDAsImRlbGV0ZSI6MTIwMDAwMDAwMDAwMCwicmVhZCI6OTAwMDAwMDAwMDAwLCJ1cGRhdGUiOjYwMDAwMDAwMDAwMH0sInNjaGVtYV92ZXJzaW9uIjoiMiJ9",
          "dependencies": [
            "module.iam.aws_iam_instance_profile.ssm_instance_profile",
            "module.iam.aws_iam_role.ssm_instance_role",
            "module.instances.aws_instance.elk_stack",
            "module.instances.aws_instance.wazuh_manager",
            "module.network.aws_subnet.monitoring",
            "module.network.aws_subnet.private",
            "module.network.aws_vpc.capstone_vpc",
            "module.security.aws_security_group.bastion_windows_sg",
            "module.security.aws_security_group.elk_sg",
            "module.security.aws_security_group.wazuh_sg",
            "module.security.aws_security_group.windows_sg"
          ]
        }
      ]
    },
    {
      "module": "module.network",
      "mode": "managed",
      "type": "aws_eip",
      "name": "nat",
      "provider": "provider[\"registry.terraform.io/hashicorp/aws\"]",
      "instances": [
        {
          "schema_version": 0,
          "attributes": {
            "address": null,
            "allocation_id": "eipalloc-0a68a985ada14886f",
            "arn": "arn:aws:ec2:us-east-1:473997095596:elastic-ip/eipalloc-0a68a985ada14886f",
            "associate_with_private_ip": null,
            "association_id": "eipassoc-0ee931cbc5aedde97",
            "carrier_ip": "",
            "customer_owned_ip": "",
            "customer_owned_ipv4_pool": "",
            "domain": "vpc",
            "id": "eipalloc-0a68a985ada14886f",
            "instance": "",
            "ipam_pool_id": null,
            "network_border_group": "us-east-1",
            "network_interface": "eni-06fd05d56d82a6d62",
            "private_dns": "ip-10-2-0-51.ec2.internal",
            "private_ip": "10.2.0.51",
            "ptr_record": "",
            "public_dns": "ec2-3-217-21-132.compute-1.amazonaws.com",
            "public_ip": "3.217.21.132",
            "public_ipv4_pool": "amazon",
            "region": "us-east-1",
            "tags": {
              "Name": "capstone-nat-eip",
              "Project": "Capstone"
            },
            "tags_all": {
              "Name": "capstone-nat-eip",
              "Project": "Capstone"
            },
            "timeouts": null
          },
          "sensitive_attributes": [],
          "private": "eyJlMmJmYjczMC1lY2FhLTExZTYtOGY4OC0zNDM2M2JjN2M0YzAiOnsiZGVsZXRlIjoxODAwMDAwMDAwMDAsInJlYWQiOjkwMDAwMDAwMDAwMCwidXBkYXRlIjozMDAwMDAwMDAwMDB9fQ=="
        }
      ]
    },
    {
      "module": "module.network",
      "mode": "managed",
      "type": "aws_internet_gateway",
      "name": "igw",
      "provider": "provider[\"registry.terraform.io/hashicorp/aws\"]",
      "instances": [
        {
          "schema_version": 0,
          "attributes": {
            "arn": "arn:aws:ec2:us-east-1:473997095596:internet-gateway/igw-015374f92b9469cde",
            "id": "igw-015374f92b9469cde",
            "owner_id": "473997095596",
            "region": "us-east-1",
            "tags": {
              "Name": "capstone-igw",
              "Project": "Capstone"
            },
            "tags_all": {
              "Name": "capstone-igw",
              "Project": "Capstone"
            },
            "timeouts": null,
            "vpc_id": "vpc-0d1331f52685c90d7"
          },
          "sensitive_attributes": [],
          "private": "eyJlMmJmYjczMC1lY2FhLTExZTYtOGY4OC0zNDM2M2JjN2M0YzAiOnsiY3JlYXRlIjoxMjAwMDAwMDAwMDAwLCJkZWxldGUiOjEyMDAwMDAwMDAwMDAsInVwZGF0ZSI6MTIwMDAwMDAwMDAwMH19",
          "dependencies": [
            "module.network.aws_vpc.capstone_vpc"
          ]
        }
      ]
    },
    {
      "module": "module.network",
      "mode": "managed",
      "type": "aws_nat_gateway",
      "name": "nat",
      "provider": "provider[\"registry.terraform.io/hashicorp/aws\"]",
      "instances": [
        {
          "schema_version": 0,
          "attributes": {
            "allocation_id": "eipalloc-0a68a985ada14886f",
            "association_id": "eipassoc-0ee931cbc5aedde97",
            "connectivity_type": "public",
            "id": "nat-0a2c6c5ff312702f2",
            "network_interface_id": "eni-06fd05d56d82a6d62",
            "private_ip": "10.2.0.51",
            "public_ip": "3.217.21.132",
            "region": "us-east-1",
            "secondary_allocation_ids": [],
            "secondary_private_ip_address_count": 0,
            "secondary_private_ip_addresses": [],
            "subnet_id": "subnet-0b094c4e467912a69",
            "tags": {
              "Name": "capstone-nat-gateway",
              "Project": "Capstone"
            },
            "tags_all": {
              "Name": "capstone-nat-gateway",
              "Project": "Capstone"
            },
            "timeouts": null
          },
          "sensitive_attributes": [],
          "private": "eyJlMmJmYjczMC1lY2FhLTExZTYtOGY4OC0zNDM2M2JjN2M0YzAiOnsiY3JlYXRlIjo2MDAwMDAwMDAwMDAsImRlbGV0ZSI6MTgwMDAwMDAwMDAwMCwidXBkYXRlIjo2MDAwMDAwMDAwMDB9fQ==",
          "dependencies": [
            "module.network.aws_eip.nat",
            "module.network.aws_subnet.public",
            "module.network.aws_vpc.capstone_vpc"
          ]
        }
      ]
    },
    {
      "module": "module.network",
      "mode": "managed",
      "type": "aws_route",
      "name": "private_to_internet",
      "provider": "provider[\"registry.terraform.io/hashicorp/aws\"]",
      "instances": [
        {
          "schema_version": 0,
          "attributes": {
            "carrier_gateway_id": "",
            "core_network_arn": "",
            "destination_cidr_block": "0.0.0.0/0",
            "destination_ipv6_cidr_block": "",
            "destination_prefix_list_id": "",
            "egress_only_gateway_id": "",
            "gateway_id": "",
            "id": "r-rtb-0265fe43bb7572e5c1080289494",
            "instance_id": "",
            "instance_owner_id": "",
            "local_gateway_id": "",
            "nat_gateway_id": "nat-0a2c6c5ff312702f2",
            "network_interface_id": "",
            "origin": "CreateRoute",
            "region": "us-east-1",
            "route_table_id": "rtb-0265fe43bb7572e5c",
            "state": "active",
            "timeouts": null,
            "transit_gateway_id": "",
            "vpc_endpoint_id": "",
            "vpc_peering_connection_id": ""
          },
          "sensitive_attributes": [],
          "private": "eyJlMmJmYjczMC1lY2FhLTExZTYtOGY4OC0zNDM2M2JjN2M0YzAiOnsiY3JlYXRlIjozMDAwMDAwMDAwMDAsImRlbGV0ZSI6MzAwMDAwMDAwMDAwLCJ1cGRhdGUiOjEyMDAwMDAwMDAwMH19",
          "dependencies": [
            "module.network.aws_eip.nat",
            "module.network.aws_nat_gateway.nat",
            "module.network.aws_route_table.private_rt",
            "module.network.aws_subnet.public",
            "module.network.aws_vpc.capstone_vpc"
          ]
        }
      ]
    },
    {
      "module": "module.network",
      "mode": "managed",
      "type": "aws_route",
      "name": "public_to_internet",
      "provider": "provider[\"registry.terraform.io/hashicorp/aws\"]",
      "instances": [
        {
          "schema_version": 0,
          "attributes": {
            "carrier_gateway_id": "",
            "core_network_arn": "",
            "destination_cidr_block": "0.0.0.0/0",
            "destination_ipv6_cidr_block": "",
            "destination_prefix_list_id": "",
            "egress_only_gateway_id": "",
            "gateway_id": "igw-015374f92b9469cde",
            "id": "r-rtb-01626056741c00c9a1080289494",
            "instance_id": "",
            "instance_owner_id": "",
            "local_gateway_id": "",
            "nat_gateway_id": "",
            "network_interface_id": "",
            "origin": "CreateRoute",
            "region": "us-east-1",
            "route_table_id": "rtb-01626056741c00c9a",
            "state": "active",
            "timeouts": null,
            "transit_gateway_id": "",
            "vpc_endpoint_id": "",
            "vpc_peering_connection_id": ""
          },
          "sensitive_attributes": [],
          "private": "eyJlMmJmYjczMC1lY2FhLTExZTYtOGY4OC0zNDM2M2JjN2M0YzAiOnsiY3JlYXRlIjozMDAwMDAwMDAwMDAsImRlbGV0ZSI6MzAwMDAwMDAwMDAwLCJ1cGRhdGUiOjEyMDAwMDAwMDAwMH19",
          "dependencies": [
            "module.network.aws_internet_gateway.igw",
            "module.network.aws_route_table.public_rt",
            "module.network.aws_vpc.capstone_vpc"
          ]
        }
      ]
    },
    {
      "module": "module.network",
      "mode": "managed",
      "type": "aws_route_table",
      "name": "private_rt",
      "provider": "provider[\"registry.terraform.io/hashicorp/aws\"]",
      "instances": [
        {
          "schema_version": 0,
          "attributes": {
            "arn": "arn:aws:ec2:us-east-1:473997095596:route-table/rtb-0265fe43bb7572e5c",
            "id": "rtb-0265fe43bb7572e5c",
            "owner_id": "473997095596",
            "propagating_vgws": [],
            "region": "us-east-1",
            "route": [
              {
                "carrier_gateway_id": "",
                "cidr_block": "0.0.0.0/0",
                "core_network_arn": "",
                "destination_prefix_list_id": "",
                "egress_only_gateway_id": "",
                "gateway_id": "",
                "ipv6_cidr_block": "",
                "local_gateway_id": "",
                "nat_gateway_id": "nat-0a2c6c5ff312702f2",
                "network_interface_id": "",
                "transit_gateway_id": "",
                "vpc_endpoint_id": "",
                "vpc_peering_connection_id": ""
              }
            ],
            "tags": {
              "Name": "capstone-private-rt",
              "Project": "Capstone"
            },
            "tags_all": {
              "Name": "capstone-private-rt",
              "Project": "Capstone"
            },
            "timeouts": null,
            "vpc_id": "vpc-0d1331f52685c90d7"
          },
          "sensitive_attributes": [],
          "private": "eyJlMmJmYjczMC1lY2FhLTExZTYtOGY4OC0zNDM2M2JjN2M0YzAiOnsiY3JlYXRlIjozMDAwMDAwMDAwMDAsImRlbGV0ZSI6MzAwMDAwMDAwMDAwLCJ1cGRhdGUiOjEyMDAwMDAwMDAwMH19",
          "dependencies": [
            "module.network.aws_vpc.capstone_vpc"
          ]
        }
      ]
    },
    {
      "module": "module.network",
      "mode": "managed",
      "type": "aws_route_table",
      "name": "public_rt",
      "provider": "provider[\"registry.terraform.io/hashicorp/aws\"]",
      "instances": [
        {
          "schema_version": 0,
          "attributes": {
            "arn": "arn:aws:ec2:us-east-1:473997095596:route-table/rtb-01626056741c00c9a",
            "id": "rtb-01626056741c00c9a",
            "owner_id": "473997095596",
            "propagating_vgws": [],
            "region": "us-east-1",
            "route": [
              {
                "carrier_gateway_id": "",
                "cidr_block": "0.0.0.0/0",
                "core_network_arn": "",
                "destination_prefix_list_id": "",
                "egress_only_gateway_id": "",
                "gateway_id": "igw-015374f92b9469cde",
                "ipv6_cidr_block": "",
                "local_gateway_id": "",
                "nat_gateway_id": "",
                "network_interface_id": "",
                "transit_gateway_id": "",
                "vpc_endpoint_id": "",
                "vpc_peering_connection_id": ""
              }
            ],
            "tags": {
              "Name": "capstone-public-rt",
              "Project": "Capstone"
            },
            "tags_all": {
              "Name": "capstone-public-rt",
              "Project": "Capstone"
            },
            "timeouts": null,
            "vpc_id": "vpc-0d1331f52685c90d7"
          },
          "sensitive_attributes": [],
          "private": "eyJlMmJmYjczMC1lY2FhLTExZTYtOGY4OC0zNDM2M2JjN2M0YzAiOnsiY3JlYXRlIjozMDAwMDAwMDAwMDAsImRlbGV0ZSI6MzAwMDAwMDAwMDAwLCJ1cGRhdGUiOjEyMDAwMDAwMDAwMH19",
          "dependencies": [
            "module.network.aws_vpc.capstone_vpc"
          ]
        }
      ]
    },
    {
      "module": "module.network",
      "mode": "managed",
      "type": "aws_route_table_association",
      "name": "monitoring_assoc",
      "provider": "provider[\"registry.terraform.io/hashicorp/aws\"]",
      "instances": [
        {
          "schema_version": 0,
          "attributes": {
            "gateway_id": "",
            "id": "rtbassoc-0bd161f66c722aaa4",
            "region": "us-east-1",
            "route_table_id": "rtb-0265fe43bb7572e5c",
            "subnet_id": "subnet-095682d378486ca88",
            "timeouts": null
          },
          "sensitive_attributes": [],
          "private": "eyJlMmJmYjczMC1lY2FhLTExZTYtOGY4OC0zNDM2M2JjN2M0YzAiOnsiY3JlYXRlIjozMDAwMDAwMDAwMDAsImRlbGV0ZSI6MzAwMDAwMDAwMDAwLCJ1cGRhdGUiOjEyMDAwMDAwMDAwMH19",
          "dependencies": [
            "module.network.aws_route_table.private_rt",
            "module.network.aws_subnet.monitoring",
            "module.network.aws_vpc.capstone_vpc"
          ]
        }
      ]
    },
    {
      "module": "module.network",
      "mode": "managed",
      "type": "aws_route_table_association",
      "name": "private_assoc",
      "provider": "provider[\"registry.terraform.io/hashicorp/aws\"]",
      "instances": [
        {
          "schema_version": 0,
          "attributes": {
            "gateway_id": "",
            "id": "rtbassoc-0adb9ebd72ddca6b3",
            "region": "us-east-1",
            "route_table_id": "rtb-0265fe43bb7572e5c",
            "subnet_id": "subnet-0496f2d7890712827",
            "timeouts": null
          },
          "sensitive_attributes": [],
          "private": "eyJlMmJmYjczMC1lY2FhLTExZTYtOGY4OC0zNDM2M2JjN2M0YzAiOnsiY3JlYXRlIjozMDAwMDAwMDAwMDAsImRlbGV0ZSI6MzAwMDAwMDAwMDAwLCJ1cGRhdGUiOjEyMDAwMDAwMDAwMH19",
          "dependencies": [
            "module.network.aws_route_table.private_rt",
            "module.network.aws_subnet.private",
            "module.network.aws_vpc.capstone_vpc"
          ]
        }
      ]
    },
    {
      "module": "module.network",
      "mode": "managed",
      "type": "aws_route_table_association",
      "name": "public_assoc",
      "provider": "provider[\"registry.terraform.io/hashicorp/aws\"]",
      "instances": [
        {
          "schema_version": 0,
          "attributes": {
            "gateway_id": "",
            "id": "rtbassoc-0c23fbb980821f51e",
            "region": "us-east-1",
            "route_table_id": "rtb-01626056741c00c9a",
            "subnet_id": "subnet-0b094c4e467912a69",
            "timeouts": null
          },
          "sensitive_attributes": [],
          "private": "eyJlMmJmYjczMC1lY2FhLTExZTYtOGY4OC0zNDM2M2JjN2M0YzAiOnsiY3JlYXRlIjozMDAwMDAwMDAwMDAsImRlbGV0ZSI6MzAwMDAwMDAwMDAwLCJ1cGRhdGUiOjEyMDAwMDAwMDAwMH19",
          "dependencies": [
            "module.network.aws_route_table.public_rt",
            "module.network.aws_subnet.public",
            "module.network.aws_vpc.capstone_vpc"
          ]
        }
      ]
    },
    {
      "module": "module.network",
      "mode": "managed",
      "type": "aws_subnet",
      "name": "monitoring",
      "provider": "provider[\"registry.terraform.io/hashicorp/aws\"]",
      "instances": [
        {
          "schema_version": 1,
          "attributes": {
            "arn": "arn:aws:ec2:us-east-1:473997095596:subnet/subnet-095682d378486ca88",
            "assign_ipv6_address_on_creation": false,
            "availability_zone": "us-east-1a",
            "availability_zone_id": "use1-az2",
            "cidr_block": "10.2.0.128/26",
            "customer_owned_ipv4_pool": "",
            "enable_dns64": false,
            "enable_lni_at_device_index": 0,
            "enable_resource_name_dns_a_record_on_launch": false,
            "enable_resource_name_dns_aaaa_record_on_launch": false,
            "id": "subnet-095682d378486ca88",
            "ipv6_cidr_block": "",
            "ipv6_cidr_block_association_id": "",
            "ipv6_native": false,
            "map_customer_owned_ip_on_launch": false,
            "map_public_ip_on_launch": false,
            "outpost_arn": "",
            "owner_id": "473997095596",
            "private_dns_hostname_type_on_launch": "ip-name",
            "region": "us-east-1",
            "tags": {
              "Name": "capstone-monitoring-subnet",
              "Project": "Capstone",
              "Type": "monitoring"
            },
            "tags_all": {
              "Name": "capstone-monitoring-subnet",
              "Project": "Capstone",
              "Type": "monitoring"
            },
            "timeouts": null,
            "vpc_id": "vpc-0d1331f52685c90d7"
          },
          "sensitive_attributes": [],
          "private": "eyJlMmJmYjczMC1lY2FhLTExZTYtOGY4OC0zNDM2M2JjN2M0YzAiOnsiY3JlYXRlIjo2MDAwMDAwMDAwMDAsImRlbGV0ZSI6MTIwMDAwMDAwMDAwMH0sInNjaGVtYV92ZXJzaW9uIjoiMSJ9",
          "dependencies": [
            "module.network.aws_vpc.capstone_vpc"
          ]
        }
      ]
    },
    {
      "module": "module.network",
      "mode": "managed",
      "type": "aws_subnet",
      "name": "private",
      "provider": "provider[\"registry.terraform.io/hashicorp/aws\"]",
      "instances": [
        {
          "schema_version": 1,
          "attributes": {
            "arn": "arn:aws:ec2:us-east-1:473997095596:subnet/subnet-0496f2d7890712827",
            "assign_ipv6_address_on_creation": false,
            "availability_zone": "us-east-1a",
            "availability_zone_id": "use1-az2",
            "cidr_block": "10.2.0.64/26",
            "customer_owned_ipv4_pool": "",
            "enable_dns64": false,
            "enable_lni_at_device_index": 0,
            "enable_resource_name_dns_a_record_on_launch": false,
            "enable_resource_name_dns_aaaa_record_on_launch": false,
            "id": "subnet-0496f2d7890712827",
            "ipv6_cidr_block": "",
            "ipv6_cidr_block_association_id": "",
            "ipv6_native": false,
            "map_customer_owned_ip_on_launch": false,
            "map_public_ip_on_launch": false,
            "outpost_arn": "",
            "owner_id": "473997095596",
            "private_dns_hostname_type_on_launch": "ip-name",
            "region": "us-east-1",
            "tags": {
              "Name": "capstone-private-subnet",
              "Project": "Capstone"
            },
            "tags_all": {
              "Name": "capstone-private-subnet",
              "Project": "Capstone"
            },
            "timeouts": null,
            "vpc_id": "vpc-0d1331f52685c90d7"
          },
          "sensitive_attributes": [],
          "private": "eyJlMmJmYjczMC1lY2FhLTExZTYtOGY4OC0zNDM2M2JjN2M0YzAiOnsiY3JlYXRlIjo2MDAwMDAwMDAwMDAsImRlbGV0ZSI6MTIwMDAwMDAwMDAwMH0sInNjaGVtYV92ZXJzaW9uIjoiMSJ9",
          "dependencies": [
            "module.network.aws_vpc.capstone_vpc"
          ]
        }
      ]
    },
    {
      "module": "module.network",
      "mode": "managed",
      "type": "aws_subnet",
      "name": "public",
      "provider": "provider[\"registry.terraform.io/hashicorp/aws\"]",
      "instances": [
        {
          "schema_version": 1,
          "attributes": {
            "arn": "arn:aws:ec2:us-east-1:473997095596:subnet/subnet-0b094c4e467912a69",
            "assign_ipv6_address_on_creation": false,
            "availability_zone": "us-east-1a",
            "availability_zone_id": "use1-az2",
            "cidr_block": "10.2.0.0/26",
            "customer_owned_ipv4_pool": "",
            "enable_dns64": false,
            "enable_lni_at_device_index": 0,
            "enable_resource_name_dns_a_record_on_launch": false,
            "enable_resource_name_dns_aaaa_record_on_launch": false,
            "id": "subnet-0b094c4e467912a69",
            "ipv6_cidr_block": "",
            "ipv6_cidr_block_association_id": "",
            "ipv6_native": false,
            "map_customer_owned_ip_on_launch": false,
            "map_public_ip_on_launch": false,
            "outpost_arn": "",
            "owner_id": "473997095596",
            "private_dns_hostname_type_on_launch": "ip-name",
            "region": "us-east-1",
            "tags": {
              "Name": "capstone-public-subnet",
              "Project": "Capstone"
            },
            "tags_all": {
              "Name": "capstone-public-subnet",
              "Project": "Capstone"
            },
            "timeouts": null,
            "vpc_id": "vpc-0d1331f52685c90d7"
          },
          "sensitive_attributes": [],
          "private": "eyJlMmJmYjczMC1lY2FhLTExZTYtOGY4OC0zNDM2M2JjN2M0YzAiOnsiY3JlYXRlIjo2MDAwMDAwMDAwMDAsImRlbGV0ZSI6MTIwMDAwMDAwMDAwMH0sInNjaGVtYV92ZXJzaW9uIjoiMSJ9",
          "dependencies": [
            "module.network.aws_vpc.capstone_vpc"
          ]
        }
      ]
    },
    {
      "module": "module.network",
      "mode": "managed",
      "type": "aws_vpc",
      "name": "capstone_vpc",
      "provider": "provider[\"registry.terraform.io/hashicorp/aws\"]",
      "instances": [
        {
          "schema_version": 1,
          "attributes": {
            "arn": "arn:aws:ec2:us-east-1:473997095596:vpc/vpc-0d1331f52685c90d7",
            "assign_generated_ipv6_cidr_block": false,
            "cidr_block": "10.2.0.0/24",
            "default_network_acl_id": "acl-0907e5aab56c611f6",
            "default_route_table_id": "rtb-050d380f468dbfdb6",
            "default_security_group_id": "sg-00213b3d4a53d13ce",
            "dhcp_options_id": "dopt-050b62af1901809ed",
            "enable_dns_hostnames": true,
            "enable_dns_support": true,
            "enable_network_address_usage_metrics": false,
            "id": "vpc-0d1331f52685c90d7",
            "instance_tenancy": "default",
            "ipv4_ipam_pool_id": null,
            "ipv4_netmask_length": null,
            "ipv6_association_id": "",
            "ipv6_cidr_block": "",
            "ipv6_cidr_block_network_border_group": "",
            "ipv6_ipam_pool_id": "",
            "ipv6_netmask_length": 0,
            "main_route_table_id": "rtb-050d380f468dbfdb6",
            "owner_id": "473997095596",
            "region": "us-east-1",
            "tags": {
              "Name": "capstone-vpc",
              "Project": "Capstone"
            },
            "tags_all": {
              "Name": "capstone-vpc",
              "Project": "Capstone"
            }
          },
          "sensitive_attributes": [],
          "private": "eyJzY2hlbWFfdmVyc2lvbiI6IjEifQ=="
        }
      ]
    },
    {
      "module": "module.security",
      "mode": "managed",
      "type": "aws_key_pair",
      "name": "windows_key",
      "provider": "provider[\"registry.terraform.io/hashicorp/aws\"]",
      "instances": [
        {
          "schema_version": 1,
          "attributes": {
            "arn": "arn:aws:ec2:us-east-1:473997095596:key-pair/capstone-windows-key",
            "fingerprint": "22:6e:21:fc:41:eb:85:5e:1b:29:fc:89:c8:82:ae:dc",
            "id": "capstone-windows-key",
            "key_name": "capstone-windows-key",
            "key_name_prefix": "",
            "key_pair_id": "key-0347530e06209d346",
            "key_type": "rsa",
            "public_key": "ssh-rsa AAAAB3NzaC1yc2EAAAADAQABAAACAQCuMOBpY2YlBfWJCQwRNVGiOEWd0Cpx4HNHF2r/u2S3Ansi5hOMY/T2TR1/tDvOam1r9sTeRKSl0TezTiqwF1HKht4Dyo4th+jlwsWizkaJb2+qe9lspuL6XB3+eEEIBL48LopzEQomDEuB4w7cLrWcaZoPDaCLKyarW69E6DwONogIoF9MUWf/8P3G7ut7VGNLs/olnB5lcpNKlVRPf3yddPLtincv3dDALqUBgJrWOmb25dfZPyN0T6R2LnJnMNLI379FYNujcq/xSEKlpG9kTYoykPpFZtmk7vRKl8s4ClFh2oXar1ImG2SshO57yQlALcvMf+5NDNy29GYQhtPHMsGCWlQ3aQolXdWmBMA/mLmu17uKu8ylMY1b42XL1onYnoEs14DuKeRfAvl1+Fgsq5YWjuSYtVy1Z0L5xMK6tkDmdFFmaFwt5IYByXYpJFRXhg/VsHzyrCzkerQf9CL44jIU7L9jLbrn76nttkZHEH+fiRYmD4C1yVaJHFA36Fk/jQ/Jwr5lJcxrG0eUgKItXpUhC4f8Izd01Yly5CfHXENXxEnqF6dAfpdAKWrxc1xFZpZnD5MR7d5WyZdMqqCsI7CZudnK+c6Q8kh7bcHPBB8R30seUuOy8RaE+beJPpyHjlSWR791Xm47mpWJBoOARwm+hHOKhN5No7oInSkqDw==",
            "region": "us-east-1",
            "tags": {},
            "tags_all": {}
          },
          "sensitive_attributes": [],
          "private": "eyJzY2hlbWFfdmVyc2lvbiI6IjEifQ==",
          "dependencies": [
            "module.security.tls_private_key.windows_key"
          ]
        }
      ]
    },
    {
      "module": "module.security",
      "mode": "managed",
      "type": "aws_security_group",
      "name": "bastion_windows_sg",
      "provider": "provider[\"registry.terraform.io/hashicorp/aws\"]",
      "instances": [
        {
          "schema_version": 1,
          "attributes": {
            "arn": "arn:aws:ec2:us-east-1:473997095596:security-group/sg-09b54383b1c1e19dc",
            "description": "Bastion host to connect to target windows",
            "egress": [
              {
                "cidr_blocks": [
                  "0.0.0.0/0"
                ],
                "description": "",
                "from_port": 0,
                "ipv6_cidr_blocks": [],
                "prefix_list_ids": [],
                "protocol": "-1",
                "security_groups": [],
                "self": false,
                "to_port": 0
              }
            ],
            "id": "sg-09b54383b1c1e19dc",
            "ingress": [
              {
                "cidr_blocks": [
                  "172.8.172.251/32"
                ],
                "description": "",
                "from_port": 3389,
                "ipv6_cidr_blocks": [],
                "prefix_list_ids": [],
                "protocol": "tcp",
                "security_groups": [],
                "self": false,
                "to_port": 3389
              }
            ],
            "name": "bastion_windows_sg",
            "name_prefix": "",
            "owner_id": "473997095596",
            "region": "us-east-1",
            "revoke_rules_on_delete": false,
            "tags": {
              "Name": "bastion-windows-sg",
              "Project": "capstone"
            },
            "tags_all": {
              "Name": "bastion-windows-sg",
              "Project": "capstone"
            },
            "timeouts": null,
            "vpc_id": "vpc-0d1331f52685c90d7"
          },
          "sensitive_attributes": [],
          "private": "eyJlMmJmYjczMC1lY2FhLTExZTYtOGY4OC0zNDM2M2JjN2M0YzAiOnsiY3JlYXRlIjo2MDAwMDAwMDAwMDAsImRlbGV0ZSI6OTAwMDAwMDAwMDAwfSwic2NoZW1hX3ZlcnNpb24iOiIxIn0=",
          "dependencies": [
            "module.network.aws_vpc.capstone_vpc"
          ]
        }
      ]
    },
    {
      "module": "module.security",
      "mode": "managed",
      "type": "aws_security_group",
      "name": "elk_sg",
      "provider": "provider[\"registry.terraform.io/hashicorp/aws\"]",
      "instances": [
        {
          "schema_version": 1,
          "attributes": {
            "arn": "arn:aws:ec2:us-east-1:473997095596:security-group/sg-0676bbf8dd719ce02",
            "description": "Security group for ELK stack",
            "egress": [
              {
                "cidr_blocks": [
                  "0.0.0.0/0"
                ],
                "description": "Allow all outbound",
                "from_port": 0,
                "ipv6_cidr_blocks": [],
                "prefix_list_ids": [],
                "protocol": "-1",
                "security_groups": [],
                "self": false,
                "to_port": 0
              }
            ],
            "id": "sg-0676bbf8dd719ce02",
            "ingress": [
              {
                "cidr_blocks": [
                  "10.2.0.0/24"
                ],
                "description": "Allow Filebeat to send logs to Elasticsearch",
                "from_port": 9200,
                "ipv6_cidr_blocks": [],
                "prefix_list_ids": [],
                "protocol": "tcp",
                "security_groups": [],
                "self": false,
                "to_port": 9200
              },
              {
                "cidr_blocks": [
                  "127.0.0.1/32"
                ],
                "description": "Allow kibana web UI from localhost",
                "from_port": 5601,
                "ipv6_cidr_blocks": [],
                "prefix_list_ids": [],
                "protocol": "tcp",
                "security_groups": [],
                "self": false,
                "to_port": 5601
              }
            ],
            "name": "elk-sg",
            "name_prefix": "",
            "owner_id": "473997095596",
            "region": "us-east-1",
            "revoke_rules_on_delete": false,
            "tags": {
              "Name": "elk-sg",
              "Project": "capstone"
            },
            "tags_all": {
              "Name": "elk-sg",
              "Project": "capstone"
            },
            "timeouts": null,
            "vpc_id": "vpc-0d1331f52685c90d7"
          },
          "sensitive_attributes": [],
          "private": "eyJlMmJmYjczMC1lY2FhLTExZTYtOGY4OC0zNDM2M2JjN2M0YzAiOnsiY3JlYXRlIjo2MDAwMDAwMDAwMDAsImRlbGV0ZSI6OTAwMDAwMDAwMDAwfSwic2NoZW1hX3ZlcnNpb24iOiIxIn0=",
          "dependencies": [
            "module.network.aws_vpc.capstone_vpc"
          ]
        }
      ]
    },
    {
      "module": "module.security",
      "mode": "managed",
      "type": "aws_security_group",
      "name": "wazuh_sg",
      "provider": "provider[\"registry.terraform.io/hashicorp/aws\"]",
      "instances": [
        {
          "schema_version": 1,
          "attributes": {
            "arn": "arn:aws:ec2:us-east-1:473997095596:security-group/sg-06ab99dc923289ec5",
            "description": "Security group for Wazuh server",
            "egress": [
              {
                "cidr_blocks": [
                  "0.0.0.0/0"
                ],
                "description": "Allow all outbound",
                "from_port": 0,
                "ipv6_cidr_blocks": [],
                "prefix_list_ids": [],
                "protocol": "-1",
                "security_groups": [],
                "self": false,
                "to_port": 0
              }
            ],
            "id": "sg-06ab99dc923289ec5",
            "ingress": [
              {
                "cidr_blocks": [
                  "10.2.0.0/24"
                ],
                "description": "Wazuh agent enrollment",
                "from_port": 1515,
                "ipv6_cidr_blocks": [],
                "prefix_list_ids": [],
                "protocol": "tcp",
                "security_groups": [],
                "self": false,
                "to_port": 1515
              },
              {
                "cidr_blocks": [
                  "10.2.0.0/24"
                ],
                "description": "Wazuh agent log forwarding",
                "from_port": 1514,
                "ipv6_cidr_blocks": [],
                "prefix_list_ids": [],
                "protocol": "tcp",
                "security_groups": [],
                "self": false,
                "to_port": 1514
              },
              {
                "cidr_blocks": [
                  "10.2.0.0/24"
                ],
                "description": "Wazuh agent registration",
                "from_port": 55000,
                "ipv6_cidr_blocks": [],
                "prefix_list_ids": [],
                "protocol": "tcp",
                "security_groups": [],
                "self": false,
                "to_port": 55000
              }
            ],
            "name": "wazuh-sg",
            "name_prefix": "",
            "owner_id": "473997095596",
            "region": "us-east-1",
            "revoke_rules_on_delete": false,
            "tags": {
              "Name": "wazuh-sg",
              "Project": "capstone"
            },
            "tags_all": {
              "Name": "wazuh-sg",
              "Project": "capstone"
            },
            "timeouts": null,
            "vpc_id": "vpc-0d1331f52685c90d7"
          },
          "sensitive_attributes": [],
          "private": "eyJlMmJmYjczMC1lY2FhLTExZTYtOGY4OC0zNDM2M2JjN2M0YzAiOnsiY3JlYXRlIjo2MDAwMDAwMDAwMDAsImRlbGV0ZSI6OTAwMDAwMDAwMDAwfSwic2NoZW1hX3ZlcnNpb24iOiIxIn0=",
          "dependencies": [
            "module.network.aws_vpc.capstone_vpc"
          ]
        }
      ]
    },
    {
      "module": "module.security",
      "mode": "managed",
      "type": "aws_security_group",
      "name": "windows_sg",
      "provider": "provider[\"registry.terraform.io/hashicorp/aws\"]",
      "instances": [
        {
          "schema_version": 1,
          "attributes": {
            "arn": "arn:aws:ec2:us-east-1:473997095596:security-group/sg-00c95cbe1cb07b090",
            "description": "Security group for Windows endpoint",
            "egress": [
              {
                "cidr_blocks": [
                  "0.0.0.0/0"
                ],
                "description": "Allow outbound to internet via NAT",
                "from_port": 443,
                "ipv6_cidr_blocks": [],
                "prefix_list_ids": [],
                "protocol": "tcp",
                "security_groups": [],
                "self": false,
                "to_port": 443
              },
              {
                "cidr_blocks": [
                  "10.2.0.128/26"
                ],
                "description": "Allow outbound to Wazuh manager for agent registration",
                "from_port": 55000,
                "ipv6_cidr_blocks": [],
                "prefix_list_ids": [],
                "protocol": "tcp",
                "security_groups": [],
                "self": false,
                "to_port": 55000
              },
              {
                "cidr_blocks": [
                  "10.2.0.128/26"
                ],
                "description": "Allow outbound to Wazuh manager for log forwarding",
                "from_port": 1514,
                "ipv6_cidr_blocks": [],
                "prefix_list_ids": [],
                "protocol": "tcp",
                "security_groups": [],
                "self": false,
                "to_port": 1514
              },
              {
                "cidr_blocks": [
                  "10.2.0.128/26"
                ],
                "description": "Allow outbount to Wazuh maanger for agent enrollment",
                "from_port": 1515,
                "ipv6_cidr_blocks": [],
                "prefix_list_ids": [],
                "protocol": "tcp",
                "security_groups": [],
                "self": false,
                "to_port": 1515
              },
              {
                "cidr_blocks": [],
                "description": "",
                "from_port": 3389,
                "ipv6_cidr_blocks": [],
                "prefix_list_ids": [],
                "protocol": "tcp",
                "security_groups": [
                  "sg-09b54383b1c1e19dc"
                ],
                "self": false,
                "to_port": 3389
              }
            ],
            "id": "sg-00c95cbe1cb07b090",
            "ingress": [
              {
                "cidr_blocks": [],
                "description": "",
                "from_port": 3389,
                "ipv6_cidr_blocks": [],
                "prefix_list_ids": [],
                "protocol": "tcp",
                "security_groups": [
                  "sg-09b54383b1c1e19dc"
                ],
                "self": false,
                "to_port": 3389
              }
            ],
            "name": "windows-sg",
            "name_prefix": "",
            "owner_id": "473997095596",
            "region": "us-east-1",
            "revoke_rules_on_delete": false,
            "tags": {
              "Name": "windows-sg",
              "Project": "capstone"
            },
            "tags_all": {
              "Name": "windows-sg",
              "Project": "capstone"
            },
            "timeouts": null,
            "vpc_id": "vpc-0d1331f52685c90d7"
          },
          "sensitive_attributes": [],
          "private": "eyJlMmJmYjczMC1lY2FhLTExZTYtOGY4OC0zNDM2M2JjN2M0YzAiOnsiY3JlYXRlIjo2MDAwMDAwMDAwMDAsImRlbGV0ZSI6OTAwMDAwMDAwMDAwfSwic2NoZW1hX3ZlcnNpb24iOiIxIn0=",
          "dependencies": [
            "module.network.aws_vpc.capstone_vpc",
            "module.security.aws_security_group.bastion_windows_sg"
          ]
        }
      ]
    },
    {
      "module": "module.security",
      "mode": "managed",
      "type": "tls_private_key",
      "name": "windows_key",
      "provider": "provider[\"registry.terraform.io/hashicorp/tls\"]",
      "instances": [
        {
          "schema_version": 1,
          "attributes": {
            "algorithm": "RSA",
            "ecdsa_curve": "P224",
            "id": "ffc1fb882e85d8f3285a7954f5d78116f5ed0db6",
            "private_key_openssh": "-----BEGIN OPENSSH PRIVATE KEY-----\nb3BlbnNzaC1rZXktdjEAAAAABG5vbmUAAAAEbm9uZQAAAAAAAAABAAACFwAAAAdz\nc2gtcnNhAAAAAwEAAQAAAgEArjDgaWNmJQX1iQkMETVRojhFndAqceBzRxdq/7tk\ntwJ7IuYTjGP09k0df7Q7zmpta/bE3kSkpdE3s04qsBdRyobeA8qOLYfo5cLFos5G\niW9vqnvZbKbi+lwd/nhBCAS+PC6KcxEKJgxLgeMO3C61nGmaDw2giysmq1uvROg8\nDjaICKBfTFFn//D9xu7re1RjS7P6JZweZXKTSpVUT398nXTy7Yp3L93QwC6lAYCa\n1jpm9uXX2T8jdE+kdi5yZzDSyN+/RWDbo3Kv8UhCpaRvZE2KMpD6RWbZpO70SpfL\nOApRYdqF2q9SJhtkrITue8kJQC3LzH/uTQzctvRmEIbTxzLBglpUN2kKJV3VpgTA\nP5i5rte7irvMpTGNW+Nly9aJ2J6BLNeA7inkXwL5dfhYLKuWFo7kmLVctWdC+cTC\nurZA5nRRZmhcLeSGAcl2KSRUV4YP1bB88qws5Hq0H/Qi+OIyFOy/Yy265++p7bZG\nRxB/n4kWJg+AtclWiRxQN+hZP40PycK+ZSXMaxtHlICiLV6VIQuH/CM3dNWJcuQn\nx1xDV8RJ6henQH6XQClq8XNcRWaWZw+TEe3eVsmXTKqgrCOwmbnZyvnOkPJIe23B\nzwQfEd9LHlLjsvEWhPm3iT6ch45Ulke/dV5uO5qViQaDgEcJvoRzioTeTaO6CJ0p\nKg8AAAc42mt4ONpreDgAAAAHc3NoLXJzYQAAAgEArjDgaWNmJQX1iQkMETVRojhF\nndAqceBzRxdq/7tktwJ7IuYTjGP09k0df7Q7zmpta/bE3kSkpdE3s04qsBdRyobe\nA8qOLYfo5cLFos5GiW9vqnvZbKbi+lwd/nhBCAS+PC6KcxEKJgxLgeMO3C61nGma\nDw2giysmq1uvROg8DjaICKBfTFFn//D9xu7re1RjS7P6JZweZXKTSpVUT398nXTy\n7Yp3L93QwC6lAYCa1jpm9uXX2T8jdE+kdi5yZzDSyN+/RWDbo3Kv8UhCpaRvZE2K\nMpD6RWbZpO70SpfLOApRYdqF2q9SJhtkrITue8kJQC3LzH/uTQzctvRmEIbTxzLB\nglpUN2kKJV3VpgTAP5i5rte7irvMpTGNW+Nly9aJ2J6BLNeA7inkXwL5dfhYLKuW\nFo7kmLVctWdC+cTCurZA5nRRZmhcLeSGAcl2KSRUV4YP1bB88qws5Hq0H/Qi+OIy\nFOy/Yy265++p7bZGRxB/n4kWJg+AtclWiRxQN+hZP40PycK+ZSXMaxtHlICiLV6V\nIQuH/CM3dNWJcuQnx1xDV8RJ6henQH6XQClq8XNcRWaWZw+TEe3eVsmXTKqgrCOw\nmbnZyvnOkPJIe23BzwQfEd9LHlLjsvEWhPm3iT6ch45Ulke/dV5uO5qViQaDgEcJ\nvoRzioTeTaO6CJ0pKg8AAAADAQABAAACABwTpcBm9KpoDP0jF65YZUmb/2CiEo1b\na8lcNXN1/ZRgEn/8DM+Wtv/SSzxvzSoGzo9V7cKT1uQhVnSQ12GdyKG33mZHCma9\nXuVV4SxOSmFRtHKK1u9j8PcAzRbcxEKqHQ2vRMKqTvP2DF+pvRXxc3V8MghWHngA\nIxIAy730HuX9lSyqyOGQx44iBo2/qfYtknm7z0irotygPKyLaFUODASHOrbeGDr/\namvnuNIGrC52qG0IfCO4wRq40Z34+5i1bmxRYE+q/owYatKd3pw7ZncI5osjAiwY\nmWEz4O17DRcB1r9KjUPD+Z5J0Q7buGL8cwDEwPI79qm1tofI2gC08sKHTfnDc9hv\nEUdh5mwEzNv7BnuRFGSLR9U6XZtMeU/DpuQD7jxW3l77TbLwK/zEPinxkn766u/V\nlBzvQheMmpP9xaVQ60kqqGK6hCT4GOMnYVn3ibbJr8d0Z9kVqYKrsEtggYAfiqB7\nkf6jghNnUY+5ixg+eCt7F13i8O10ZWOu9a0apOFDGbXYn8cdh1kyYgHzG8Hjj3Rm\nTQKEwyQvtQcR0sjCq5KvpxgPn1PbGkMwY3lGDLzV81YqajSU19aiPDMvd0QUChtd\n2EfTv30PTkmriL+9lE0RxqnWE4YR5AfqcbkDeQKis3gVJjFpoH1kZTFjjMVPHGkC\nKV8fOUO4jn/9AAABAQC7S9UddCPdLWC9dN/wePS7l7mvnk642jf+l7SZ/aTv4LRA\nO/79J8E90Elr370QiZapHCxgs78SsYRjgauYJw5sC8D6IjOE9MHZtQtbapTK32fo\nP7oTpCaUeoJ8mMuW9KZ6uPoHlJmuqG9+2660FLutqFy+NtetKPqSUsffhlnIQ2Bs\nDL8SuCMtgVsdhJ6CjLwC2sUrivINqAmN8riwTJOnb1m858FTw8e3d1HH29tBKZr0\nWNYzrkJzz247ljD6L56nfv6PibjFGfLGCwEDK4A1dS2mMEwD0O4TZU5oD4LKtqNa\n5R0VTkG5pAA4azkXgK2weGDcJDtbzsm0Q2RObVPAAAABAQDXKIZOUZgmsKacpog5\nSV0lhm2ukoCgZy99Sn9cQZaz43d0wbwTSt9h0hz0FhqIz1AGZNcA6hpDGdlGx7gj\n2W1Dqr+6A42l5Jo6R94hrZ1Hi0yYR0xUGbBKFgkce/btmw9inVxiEVNasCizH3D/\nLHvVsbaGScWqd0fUvSTHHk4IGpDhVNyoiyTA6c+Zl0tTDtHh6XRI9qa/KRiTe/ZH\nAnhhu9Aj/f2JjElLq6LAksciiyHiFVGmpBrRJ6CDuwxhG1moRMOvXVfTS4fOzZaQ\n/cgELj/pZFfji66UmX79BU+JWa1CAjxQ2knGC/aW7YOoOGt4EYhsGybWDR67iSIV\nd/ZlAAABAQDPQZHH5ZeRHkquxUlpSzgxrvTuE+2m0dwpj0S73FWu2q93/pzuXJ5I\nABOONI5Vnhxmdo6uln8pLwL3MpHpkB4fGIGFND2yftBD9u1Hmb5fX0maBl/1dm/5\nxvG5Wbqb2hn41B1qlmiQ4fSZvcHVk4vg4xJtC0QYPeKpLJT/7hd6A/X5BrKBCh1t\niKr18R6XtIa0yt1UheuNlXvN+mphkonPrKekEa4fMJoMfMFTnLkvlnBpqhQxkNkj\n5v/GTfi4o7bL3lSV5vAg3Jb4PP3s+3O1G1tixgGywhzLvV/QXnnehE+TY3I3ythJ\nYpt8qThZIRm1xiiZctzRFmPIvM6XPs1jAAAAAAEC\n-----END OPENSSH PRIVATE KEY-----\n",
            "private_key_pem": "-----BEGIN RSA PRIVATE KEY-----\nMIIJKgIBAAKCAgEArjDgaWNmJQX1iQkMETVRojhFndAqceBzRxdq/7tktwJ7IuYT\njGP09k0df7Q7zmpta/bE3kSkpdE3s04qsBdRyobeA8qOLYfo5cLFos5GiW9vqnvZ\nbKbi+lwd/nhBCAS+PC6KcxEKJgxLgeMO3C61nGmaDw2giysmq1uvROg8DjaICKBf\nTFFn//D9xu7re1RjS7P6JZweZXKTSpVUT398nXTy7Yp3L93QwC6lAYCa1jpm9uXX\n2T8jdE+kdi5yZzDSyN+/RWDbo3Kv8UhCpaRvZE2KMpD6RWbZpO70SpfLOApRYdqF\n2q9SJhtkrITue8kJQC3LzH/uTQzctvRmEIbTxzLBglpUN2kKJV3VpgTAP5i5rte7\nirvMpTGNW+Nly9aJ2J6BLNeA7inkXwL5dfhYLKuWFo7kmLVctWdC+cTCurZA5nRR\nZmhcLeSGAcl2KSRUV4YP1bB88qws5Hq0H/Qi+OIyFOy/Yy265++p7bZGRxB/n4kW\nJg+AtclWiRxQN+hZP40PycK+ZSXMaxtHlICiLV6VIQuH/CM3dNWJcuQnx1xDV8RJ\n6henQH6XQClq8XNcRWaWZw+TEe3eVsmXTKqgrCOwmbnZyvnOkPJIe23BzwQfEd9L\nHlLjsvEWhPm3iT6ch45Ulke/dV5uO5qViQaDgEcJvoRzioTeTaO6CJ0pKg8CAwEA\nAQKCAgAcE6XAZvSqaAz9IxeuWGVJm/9gohKNW2vJXDVzdf2UYBJ//AzPlrb/0ks8\nb80qBs6PVe3Ck9bkIVZ0kNdhnciht95mRwpmvV7lVeEsTkphUbRyitbvY/D3AM0W\n3MRCqh0Nr0TCqk7z9gxfqb0V8XN1fDIIVh54ACMSAMu99B7l/ZUsqsjhkMeOIgaN\nv6n2LZJ5u89Iq6LcoDysi2hVDgwEhzq23hg6/2pr57jSBqwudqhtCHwjuMEauNGd\n+PuYtW5sUWBPqv6MGGrSnd6cO2Z3COaLIwIsGJlhM+Dtew0XAda/So1Dw/meSdEO\n27hi/HMAxMDyO/aptbaHyNoAtPLCh035w3PYbxFHYeZsBMzb+wZ7kRRki0fVOl2b\nTHlPw6bkA+48Vt5e+02y8Cv8xD4p8ZJ++urv1ZQc70IXjJqT/cWlUOtJKqhiuoQk\n+BjjJ2FZ94m2ya/HdGfZFamCq7BLYIGAH4qge5H+o4ITZ1GPuYsYPngrexdd4vDt\ndGVjrvWtGqThQxm12J/HHYdZMmIB8xvB4490Zk0ChMMkL7UHEdLIwquSr6cYD59T\n2xpDMGN5Rgy81fNWKmo0lNfWojwzL3dEFAobXdhH0799D05Jq4i/vZRNEcap1hOG\nEeQH6nG5A3kCorN4FSYxaaB9ZGUxY4zFTxxpAilfHzlDuI5//QKCAQEA1yiGTlGY\nJrCmnKaIOUldJYZtrpKAoGcvfUp/XEGWs+N3dMG8E0rfYdIc9BYaiM9QBmTXAOoa\nQxnZRse4I9ltQ6q/ugONpeSaOkfeIa2dR4tMmEdMVBmwShYJHHv27ZsPYp1cYhFT\nWrAosx9w/yx71bG2hknFqndH1L0kxx5OCBqQ4VTcqIskwOnPmZdLUw7R4el0SPam\nvykYk3v2RwJ4YbvQI/39iYxJS6uiwJLHIosh4hVRpqQa0Segg7sMYRtZqETDr11X\n00uHzs2WkP3IBC4/6WRX44uulJl+/QVPiVmtQgI8UNpJxgv2lu2DqDhreBGIbBsm\n1g0eu4kiFXf2ZQKCAQEAz0GRx+WXkR5KrsVJaUs4Ma707hPtptHcKY9Eu9xVrtqv\nd/6c7lyeSAATjjSOVZ4cZnaOrpZ/KS8C9zKR6ZAeHxiBhTQ9sn7QQ/btR5m+X19J\nmgZf9XZv+cbxuVm6m9oZ+NQdapZokOH0mb3B1ZOL4OMSbQtEGD3iqSyU/+4XegP1\n+QaygQodbYiq9fEel7SGtMrdVIXrjZV7zfpqYZKJz6ynpBGuHzCaDHzBU5y5L5Zw\naaoUMZDZI+b/xk34uKO2y95UlebwINyW+Dz97PtztRtbYsYBssIcy71f0F553oRP\nk2NyN8rYSWKbfKk4WSEZtcYomXLc0RZjyLzOlz7NYwKCAQEAqP4gd1VpL0Jiqvm2\nV2CDM90hOxPAybwiNcOUw06U4tgP1Hnykiilybxxl1nhH4HNtifwI7y8QeYEna5y\nuF2nj5WGn8D4ucsTRCF8nHEz7qS/1X9yuT+wEpC6OVA4w6md7PPyQuie0sU4QnC4\nnQRAg7jgxxsckWa82aBySZ9I5N6Q2xt/cTZQ+ODseRO3SxaBzXJDLqfkkpLhxb2A\n04diLEmLEyoEwMuaKkA2RhFDLaOgSmY6SqvskEkSr0T0VTVZN2xDUvL673AMzGb4\nEwvx1S7KbjOtQIFO71KcxnksXpI8HnOJEmxRs6dj2GnXlgIyjw0eXOL6nveRIvVz\n+u7NbQKCAQEAoxvOWAxneSzmx566RKSPCALR/eAvIx977jUzeclQoXi3qW73IFxB\nsRZmTX8tGVKCtVzOs7X7Q3UdF2B0FuV13zERFbzkZWqKC0L0wGnNug8qxI4JzQs1\n2tRn/mAQjYFa+UouEGlox8UcFDaTqrsg1Y6/PJQmNhHWJR/R74z4au1dEmvj5cwJ\nFt/88+ucEPZhIT2abF+s3tNrCNLwD/QcgxU1JdlIOIGuau9v0pa/4yS5OV9B3zRI\nv4mXeAB7Iwys2ssRtJt4FdSk955AlNXb3Qc3p4d/ZKiBsxJJqpn/vVBRtAQKqr/3\n8eEpzzT6BKMZMcZOw1zzTZYaV6vHxp4FUwKCAQEAu0vVHXQj3S1gvXTf8Hj0u5e5\nr55OuNo3/pe0mf2k7+C0QDv+/SfBPdBJa9+9EImWqRwsYLO/ErGEY4GrmCcObAvA\n+iIzhPTB2bULW2qUyt9n6D+6E6QmlHqCfJjLlvSmerj6B5SZrqhvftuutBS7rahc\nvjbXrSj6klLH34ZZyENgbAy/ErgjLYFbHYSegoy8AtrFK4ryDagJjfK4sEyTp29Z\nvOfBU8PHt3dRx9vbQSma9FjWM65Cc89uO5Yw+i+ep37+j4m4xRnyxgsBAyuANXUt\npjBMA9DuE2VOaA+CyrajWuUdFU5BuaQAOGs5F4CtsHhg3CQ7W87JtENkTm1TwA==\n-----END RSA PRIVATE KEY-----\n",
            "private_key_pem_pkcs8": "-----BEGIN PRIVATE KEY-----\nMIIJRAIBADANBgkqhkiG9w0BAQEFAASCCS4wggkqAgEAAoICAQCuMOBpY2YlBfWJ\nCQwRNVGiOEWd0Cpx4HNHF2r/u2S3Ansi5hOMY/T2TR1/tDvOam1r9sTeRKSl0Tez\nTiqwF1HKht4Dyo4th+jlwsWizkaJb2+qe9lspuL6XB3+eEEIBL48LopzEQomDEuB\n4w7cLrWcaZoPDaCLKyarW69E6DwONogIoF9MUWf/8P3G7ut7VGNLs/olnB5lcpNK\nlVRPf3yddPLtincv3dDALqUBgJrWOmb25dfZPyN0T6R2LnJnMNLI379FYNujcq/x\nSEKlpG9kTYoykPpFZtmk7vRKl8s4ClFh2oXar1ImG2SshO57yQlALcvMf+5NDNy2\n9GYQhtPHMsGCWlQ3aQolXdWmBMA/mLmu17uKu8ylMY1b42XL1onYnoEs14DuKeRf\nAvl1+Fgsq5YWjuSYtVy1Z0L5xMK6tkDmdFFmaFwt5IYByXYpJFRXhg/VsHzyrCzk\nerQf9CL44jIU7L9jLbrn76nttkZHEH+fiRYmD4C1yVaJHFA36Fk/jQ/Jwr5lJcxr\nG0eUgKItXpUhC4f8Izd01Yly5CfHXENXxEnqF6dAfpdAKWrxc1xFZpZnD5MR7d5W\nyZdMqqCsI7CZudnK+c6Q8kh7bcHPBB8R30seUuOy8RaE+beJPpyHjlSWR791Xm47\nmpWJBoOARwm+hHOKhN5No7oInSkqDwIDAQABAoICABwTpcBm9KpoDP0jF65YZUmb\n/2CiEo1ba8lcNXN1/ZRgEn/8DM+Wtv/SSzxvzSoGzo9V7cKT1uQhVnSQ12GdyKG3\n3mZHCma9XuVV4SxOSmFRtHKK1u9j8PcAzRbcxEKqHQ2vRMKqTvP2DF+pvRXxc3V8\nMghWHngAIxIAy730HuX9lSyqyOGQx44iBo2/qfYtknm7z0irotygPKyLaFUODASH\nOrbeGDr/amvnuNIGrC52qG0IfCO4wRq40Z34+5i1bmxRYE+q/owYatKd3pw7ZncI\n5osjAiwYmWEz4O17DRcB1r9KjUPD+Z5J0Q7buGL8cwDEwPI79qm1tofI2gC08sKH\nTfnDc9hvEUdh5mwEzNv7BnuRFGSLR9U6XZtMeU/DpuQD7jxW3l77TbLwK/zEPinx\nkn766u/VlBzvQheMmpP9xaVQ60kqqGK6hCT4GOMnYVn3ibbJr8d0Z9kVqYKrsEtg\ngYAfiqB7kf6jghNnUY+5ixg+eCt7F13i8O10ZWOu9a0apOFDGbXYn8cdh1kyYgHz\nG8Hjj3RmTQKEwyQvtQcR0sjCq5KvpxgPn1PbGkMwY3lGDLzV81YqajSU19aiPDMv\nd0QUChtd2EfTv30PTkmriL+9lE0RxqnWE4YR5AfqcbkDeQKis3gVJjFpoH1kZTFj\njMVPHGkCKV8fOUO4jn/9AoIBAQDXKIZOUZgmsKacpog5SV0lhm2ukoCgZy99Sn9c\nQZaz43d0wbwTSt9h0hz0FhqIz1AGZNcA6hpDGdlGx7gj2W1Dqr+6A42l5Jo6R94h\nrZ1Hi0yYR0xUGbBKFgkce/btmw9inVxiEVNasCizH3D/LHvVsbaGScWqd0fUvSTH\nHk4IGpDhVNyoiyTA6c+Zl0tTDtHh6XRI9qa/KRiTe/ZHAnhhu9Aj/f2JjElLq6LA\nksciiyHiFVGmpBrRJ6CDuwxhG1moRMOvXVfTS4fOzZaQ/cgELj/pZFfji66UmX79\nBU+JWa1CAjxQ2knGC/aW7YOoOGt4EYhsGybWDR67iSIVd/ZlAoIBAQDPQZHH5ZeR\nHkquxUlpSzgxrvTuE+2m0dwpj0S73FWu2q93/pzuXJ5IABOONI5Vnhxmdo6uln8p\nLwL3MpHpkB4fGIGFND2yftBD9u1Hmb5fX0maBl/1dm/5xvG5Wbqb2hn41B1qlmiQ\n4fSZvcHVk4vg4xJtC0QYPeKpLJT/7hd6A/X5BrKBCh1tiKr18R6XtIa0yt1UheuN\nlXvN+mphkonPrKekEa4fMJoMfMFTnLkvlnBpqhQxkNkj5v/GTfi4o7bL3lSV5vAg\n3Jb4PP3s+3O1G1tixgGywhzLvV/QXnnehE+TY3I3ythJYpt8qThZIRm1xiiZctzR\nFmPIvM6XPs1jAoIBAQCo/iB3VWkvQmKq+bZXYIMz3SE7E8DJvCI1w5TDTpTi2A/U\nefKSKKXJvHGXWeEfgc22J/AjvLxB5gSdrnK4XaePlYafwPi5yxNEIXyccTPupL/V\nf3K5P7ASkLo5UDjDqZ3s8/JC6J7SxThCcLidBECDuODHGxyRZrzZoHJJn0jk3pDb\nG39xNlD44Ox5E7dLFoHNckMup+SSkuHFvYDTh2IsSYsTKgTAy5oqQDZGEUMto6BK\nZjpKq+yQSRKvRPRVNVk3bENS8vrvcAzMZvgTC/HVLspuM61AgU7vUpzGeSxekjwe\nc4kSbFGzp2PYadeWAjKPDR5c4vqe95Ei9XP67s1tAoIBAQCjG85YDGd5LObHnrpE\npI8IAtH94C8jH3vuNTN5yVCheLepbvcgXEGxFmZNfy0ZUoK1XM6ztftDdR0XYHQW\n5XXfMREVvORlaooLQvTAac26DyrEjgnNCzXa1Gf+YBCNgVr5Si4QaWjHxRwUNpOq\nuyDVjr88lCY2EdYlH9HvjPhq7V0Sa+PlzAkW3/zz65wQ9mEhPZpsX6ze02sI0vAP\n9ByDFTUl2Ug4ga5q72/Slr/jJLk5X0HfNEi/iZd4AHsjDKzayxG0m3gV1KT3nkCU\n1dvdBzenh39kqIGzEkmqmf+9UFG0BAqqv/fx4SnPNPoEoxkxxk7DXPNNlhpXq8fG\nngVTAoIBAQC7S9UddCPdLWC9dN/wePS7l7mvnk642jf+l7SZ/aTv4LRAO/79J8E9\n0Elr370QiZapHCxgs78SsYRjgauYJw5sC8D6IjOE9MHZtQtbapTK32foP7oTpCaU\neoJ8mMuW9KZ6uPoHlJmuqG9+2660FLutqFy+NtetKPqSUsffhlnIQ2BsDL8SuCMt\ngVsdhJ6CjLwC2sUrivINqAmN8riwTJOnb1m858FTw8e3d1HH29tBKZr0WNYzrkJz\nz247ljD6L56nfv6PibjFGfLGCwEDK4A1dS2mMEwD0O4TZU5oD4LKtqNa5R0VTkG5\npAA4azkXgK2weGDcJDtbzsm0Q2RObVPA\n-----END PRIVATE KEY-----\n",
            "public_key_fingerprint_md5": "b6:40:70:b7:25:6d:41:92:1d:d6:b9:4e:af:c5:ca:c7",
            "public_key_fingerprint_sha256": "SHA256:rVuUodJbcc6tVqbI1GBYGAGXb+Aq/atbbFWa8MYecNs",
            "public_key_openssh": "ssh-rsa AAAAB3NzaC1yc2EAAAADAQABAAACAQCuMOBpY2YlBfWJCQwRNVGiOEWd0Cpx4HNHF2r/u2S3Ansi5hOMY/T2TR1/tDvOam1r9sTeRKSl0TezTiqwF1HKht4Dyo4th+jlwsWizkaJb2+qe9lspuL6XB3+eEEIBL48LopzEQomDEuB4w7cLrWcaZoPDaCLKyarW69E6DwONogIoF9MUWf/8P3G7ut7VGNLs/olnB5lcpNKlVRPf3yddPLtincv3dDALqUBgJrWOmb25dfZPyN0T6R2LnJnMNLI379FYNujcq/xSEKlpG9kTYoykPpFZtmk7vRKl8s4ClFh2oXar1ImG2SshO57yQlALcvMf+5NDNy29GYQhtPHMsGCWlQ3aQolXdWmBMA/mLmu17uKu8ylMY1b42XL1onYnoEs14DuKeRfAvl1+Fgsq5YWjuSYtVy1Z0L5xMK6tkDmdFFmaFwt5IYByXYpJFRXhg/VsHzyrCzkerQf9CL44jIU7L9jLbrn76nttkZHEH+fiRYmD4C1yVaJHFA36Fk/jQ/Jwr5lJcxrG0eUgKItXpUhC4f8Izd01Yly5CfHXENXxEnqF6dAfpdAKWrxc1xFZpZnD5MR7d5WyZdMqqCsI7CZudnK+c6Q8kh7bcHPBB8R30seUuOy8RaE+beJPpyHjlSWR791Xm47mpWJBoOARwm+hHOKhN5No7oInSkqDw==\n",
            "public_key_pem": "-----BEGIN PUBLIC KEY-----\nMIICIjANBgkqhkiG9w0BAQEFAAOCAg8AMIICCgKCAgEArjDgaWNmJQX1iQkMETVR\nojhFndAqceBzRxdq/7tktwJ7IuYTjGP09k0df7Q7zmpta/bE3kSkpdE3s04qsBdR\nyobeA8qOLYfo5cLFos5GiW9vqnvZbKbi+lwd/nhBCAS+PC6KcxEKJgxLgeMO3C61\nnGmaDw2giysmq1uvROg8DjaICKBfTFFn//D9xu7re1RjS7P6JZweZXKTSpVUT398\nnXTy7Yp3L93QwC6lAYCa1jpm9uXX2T8jdE+kdi5yZzDSyN+/RWDbo3Kv8UhCpaRv\nZE2KMpD6RWbZpO70SpfLOApRYdqF2q9SJhtkrITue8kJQC3LzH/uTQzctvRmEIbT\nxzLBglpUN2kKJV3VpgTAP5i5rte7irvMpTGNW+Nly9aJ2J6BLNeA7inkXwL5dfhY\nLKuWFo7kmLVctWdC+cTCurZA5nRRZmhcLeSGAcl2KSRUV4YP1bB88qws5Hq0H/Qi\n+OIyFOy/Yy265++p7bZGRxB/n4kWJg+AtclWiRxQN+hZP40PycK+ZSXMaxtHlICi\nLV6VIQuH/CM3dNWJcuQnx1xDV8RJ6henQH6XQClq8XNcRWaWZw+TEe3eVsmXTKqg\nrCOwmbnZyvnOkPJIe23BzwQfEd9LHlLjsvEWhPm3iT6ch45Ulke/dV5uO5qViQaD\ngEcJvoRzioTeTaO6CJ0pKg8CAwEAAQ==\n-----END PUBLIC KEY-----\n",
            "rsa_bits": 4096
          },
          "sensitive_attributes": []
        }
      ]
    }
  ],
  "check_results": null
}
